// !$*UTF8*$!
{
	archiveVersion = 1;
	classes = {
	};
	objectVersion = 56;
	objects = {

/* Begin PBXBuildFile section */
		AC255CF72A98119C007D38F0 /* EssentialFeedCacheIntegrationTests.swift in Sources */ = {isa = PBXBuildFile; fileRef = AC255CF62A98119C007D38F0 /* EssentialFeedCacheIntegrationTests.swift */; };
		AC255CF82A98119C007D38F0 /* EssentialFeed.framework in Frameworks */ = {isa = PBXBuildFile; fileRef = AC8A425A2A295E4200D1CC84 /* EssentialFeed.framework */; };
		AC255CFF2A9815C6007D38F0 /* XCTTestCase+MemoryTrackingHelper.swift in Sources */ = {isa = PBXBuildFile; fileRef = ACE5CB4D2A3A888500F1A788 /* XCTTestCase+MemoryTrackingHelper.swift */; };
		AC255D002A981718007D38F0 /* FeedCacheTestHelpers.swift in Sources */ = {isa = PBXBuildFile; fileRef = AC3F86A12A70911E00BA8497 /* FeedCacheTestHelpers.swift */; };
		AC255D012A981721007D38F0 /* SharedTestHelpers.swift in Sources */ = {isa = PBXBuildFile; fileRef = AC3F86A32A7091F100BA8497 /* SharedTestHelpers.swift */; };
		AC2E62232A4CC73900456F6D /* CacheFeedUseCaseTests.swift in Sources */ = {isa = PBXBuildFile; fileRef = AC2E62222A4CC73900456F6D /* CacheFeedUseCaseTests.swift */; };
		AC2E62252A5E228100456F6D /* LocalFeedLoader.swift in Sources */ = {isa = PBXBuildFile; fileRef = AC2E62242A5E228100456F6D /* LocalFeedLoader.swift */; };
		AC2E62272A5E238800456F6D /* FeedStore.swift in Sources */ = {isa = PBXBuildFile; fileRef = AC2E62262A5E238800456F6D /* FeedStore.swift */; };
		AC2E62292A61E48000456F6D /* RemoteFeedItem.swift in Sources */ = {isa = PBXBuildFile; fileRef = AC2E62282A61E48000456F6D /* RemoteFeedItem.swift */; };
		AC2E622B2A61E4C300456F6D /* LocalFeedImage.swift in Sources */ = {isa = PBXBuildFile; fileRef = AC2E622A2A61E4C300456F6D /* LocalFeedImage.swift */; };
		AC2E622D2A62184900456F6D /* LoadFeedFromCacheUseCaseTests.swift in Sources */ = {isa = PBXBuildFile; fileRef = AC2E622C2A62184900456F6D /* LoadFeedFromCacheUseCaseTests.swift */; };
		AC2E62302A62198100456F6D /* FeedStoreSpy.swift in Sources */ = {isa = PBXBuildFile; fileRef = AC2E622F2A62198100456F6D /* FeedStoreSpy.swift */; };
		AC3F86A02A708D6F00BA8497 /* ValidateFeedCacheUseCaseTests.swift in Sources */ = {isa = PBXBuildFile; fileRef = AC3F869F2A708D6F00BA8497 /* ValidateFeedCacheUseCaseTests.swift */; };
		AC3F86A22A70911E00BA8497 /* FeedCacheTestHelpers.swift in Sources */ = {isa = PBXBuildFile; fileRef = AC3F86A12A70911E00BA8497 /* FeedCacheTestHelpers.swift */; };
		AC3F86A42A7091F100BA8497 /* SharedTestHelpers.swift in Sources */ = {isa = PBXBuildFile; fileRef = AC3F86A32A7091F100BA8497 /* SharedTestHelpers.swift */; };
		AC3F86A62A70DBFC00BA8497 /* FeedCachePolicy.swift in Sources */ = {isa = PBXBuildFile; fileRef = AC3F86A52A70DBFC00BA8497 /* FeedCachePolicy.swift */; };
		AC5327282A3A9E1400C127BB /* URLSessionHTTPClient.swift in Sources */ = {isa = PBXBuildFile; fileRef = AC5327272A3A9E1400C127BB /* URLSessionHTTPClient.swift */; };
		AC5327302A3B859300C127BB /* EssentialFeedAPIEndToEndTests.swift in Sources */ = {isa = PBXBuildFile; fileRef = AC53272F2A3B859300C127BB /* EssentialFeedAPIEndToEndTests.swift */; };
		AC5327312A3B859300C127BB /* EssentialFeed.framework in Frameworks */ = {isa = PBXBuildFile; fileRef = AC8A425A2A295E4200D1CC84 /* EssentialFeed.framework */; };
		AC5327372A3B8B8800C127BB /* XCTTestCase+MemoryTrackingHelper.swift in Sources */ = {isa = PBXBuildFile; fileRef = ACE5CB4D2A3A888500F1A788 /* XCTTestCase+MemoryTrackingHelper.swift */; };
		AC7770C82A33E79500D5D73F /* HTTPClient.swift in Sources */ = {isa = PBXBuildFile; fileRef = AC7770C72A33E79500D5D73F /* HTTPClient.swift */; };
		AC7770CA2A33E80000D5D73F /* FeedItemsMapper.swift in Sources */ = {isa = PBXBuildFile; fileRef = AC7770C92A33E80000D5D73F /* FeedItemsMapper.swift */; };
		AC7770CD2A39071B00D5D73F /* URLSessionHTTPClientTests.swift in Sources */ = {isa = PBXBuildFile; fileRef = AC7770CC2A39071B00D5D73F /* URLSessionHTTPClientTests.swift */; };
		AC8A425F2A295E4200D1CC84 /* EssentialFeed.docc in Sources */ = {isa = PBXBuildFile; fileRef = AC8A425E2A295E4200D1CC84 /* EssentialFeed.docc */; };
		AC8A42652A295E4200D1CC84 /* EssentialFeed.framework in Frameworks */ = {isa = PBXBuildFile; fileRef = AC8A425A2A295E4200D1CC84 /* EssentialFeed.framework */; };
		AC8A426B2A295E4200D1CC84 /* EssentialFeed.h in Headers */ = {isa = PBXBuildFile; fileRef = AC8A425D2A295E4200D1CC84 /* EssentialFeed.h */; settings = {ATTRIBUTES = (Public, ); }; };
		AC8A42752A295F1300D1CC84 /* FeedImage.swift in Sources */ = {isa = PBXBuildFile; fileRef = AC8A42742A295F1300D1CC84 /* FeedImage.swift */; };
		AC8A42772A295F7800D1CC84 /* FeedLoader.swift in Sources */ = {isa = PBXBuildFile; fileRef = AC8A42762A295F7800D1CC84 /* FeedLoader.swift */; };
		AC8A42802A29B0AA00D1CC84 /* LoadFeedFromRemoteUseCaseTests.swift in Sources */ = {isa = PBXBuildFile; fileRef = AC8A427F2A29B0AA00D1CC84 /* LoadFeedFromRemoteUseCaseTests.swift */; };
		ACB6FCBC2ABA54C7007E4953 /* EssentialFeed.framework in Frameworks */ = {isa = PBXBuildFile; fileRef = AC8A425A2A295E4200D1CC84 /* EssentialFeed.framework */; };
		ACB6FCBD2ABA54C7007E4953 /* EssentialFeed.framework in Embed Frameworks */ = {isa = PBXBuildFile; fileRef = AC8A425A2A295E4200D1CC84 /* EssentialFeed.framework */; settings = {ATTRIBUTES = (CodeSignOnCopy, RemoveHeadersOnCopy, ); }; };
		ACB6FCC12ABA55B3007E4953 /* XCTTestCase+MemoryTrackingHelper.swift in Sources */ = {isa = PBXBuildFile; fileRef = ACE5CB4D2A3A888500F1A788 /* XCTTestCase+MemoryTrackingHelper.swift */; };
		ACC291632AB8FD9200CFE54D /* EssentialFeediOS.docc in Sources */ = {isa = PBXBuildFile; fileRef = ACC291622AB8FD9200CFE54D /* EssentialFeediOS.docc */; };
		ACC291692AB8FD9200CFE54D /* EssentialFeediOS.framework in Frameworks */ = {isa = PBXBuildFile; fileRef = ACC2915F2AB8FD9200CFE54D /* EssentialFeediOS.framework */; };
		ACC2917A2ABA500600CFE54D /* FeedViewControllerTests.swift in Sources */ = {isa = PBXBuildFile; fileRef = ACC291792ABA500600CFE54D /* FeedViewControllerTests.swift */; };
		ACE5CB4E2A3A888500F1A788 /* XCTTestCase+MemoryTrackingHelper.swift in Sources */ = {isa = PBXBuildFile; fileRef = ACE5CB4D2A3A888500F1A788 /* XCTTestCase+MemoryTrackingHelper.swift */; };
		ACF86CEE2A2ABBE600A21D98 /* RemoteFeedLoader.swift in Sources */ = {isa = PBXBuildFile; fileRef = ACF86CED2A2ABBE600A21D98 /* RemoteFeedLoader.swift */; };
		ACFA8FAC2A743727008F63B4 /* FeedStoreSpecs.swift in Sources */ = {isa = PBXBuildFile; fileRef = ACFA8FAB2A743727008F63B4 /* FeedStoreSpecs.swift */; };
		ACFA8FAE2A743906008F63B4 /* XCTestCase+FeedStoreSpecs.swift in Sources */ = {isa = PBXBuildFile; fileRef = ACFA8FAD2A743906008F63B4 /* XCTestCase+FeedStoreSpecs.swift */; };
		ACFA8FB52A7476C5008F63B4 /* FeedStore.xcdatamodeld in Sources */ = {isa = PBXBuildFile; fileRef = ACFA8FB32A7476C5008F63B4 /* FeedStore.xcdatamodeld */; };
		ACFA8FBF2A747B5B008F63B4 /* CoreDateFeedStoreTests.swift in Sources */ = {isa = PBXBuildFile; fileRef = ACFA8FBE2A747B5B008F63B4 /* CoreDateFeedStoreTests.swift */; };
		ACFA8FC12A747BEE008F63B4 /* CoreDataFeedStore.swift in Sources */ = {isa = PBXBuildFile; fileRef = ACFA8FC02A747BEE008F63B4 /* CoreDataFeedStore.swift */; };
		ACFA8FC62A7489D6008F63B4 /* CoreDataHelpers.swift in Sources */ = {isa = PBXBuildFile; fileRef = ACFA8FC52A7489D6008F63B4 /* CoreDataHelpers.swift */; };
		ACFA8FC82A748A54008F63B4 /* ManagedCache.swift in Sources */ = {isa = PBXBuildFile; fileRef = ACFA8FC72A748A54008F63B4 /* ManagedCache.swift */; };
		ACFA8FCA2A748A5B008F63B4 /* ManagedFeedImage.swift in Sources */ = {isa = PBXBuildFile; fileRef = ACFA8FC92A748A5B008F63B4 /* ManagedFeedImage.swift */; };
/* End PBXBuildFile section */

/* Begin PBXContainerItemProxy section */
		AC255CF92A98119C007D38F0 /* PBXContainerItemProxy */ = {
			isa = PBXContainerItemProxy;
			containerPortal = AC8A42512A295E4200D1CC84 /* Project object */;
			proxyType = 1;
			remoteGlobalIDString = AC8A42592A295E4200D1CC84;
			remoteInfo = EssentialFeed;
		};
		AC5327322A3B859300C127BB /* PBXContainerItemProxy */ = {
			isa = PBXContainerItemProxy;
			containerPortal = AC8A42512A295E4200D1CC84 /* Project object */;
			proxyType = 1;
			remoteGlobalIDString = AC8A42592A295E4200D1CC84;
			remoteInfo = EssentialFeed;
		};
		AC8A42662A295E4200D1CC84 /* PBXContainerItemProxy */ = {
			isa = PBXContainerItemProxy;
			containerPortal = AC8A42512A295E4200D1CC84 /* Project object */;
			proxyType = 1;
			remoteGlobalIDString = AC8A42592A295E4200D1CC84;
			remoteInfo = EssentialFeed;
		};
		ACB6FCBE2ABA54C7007E4953 /* PBXContainerItemProxy */ = {
			isa = PBXContainerItemProxy;
			containerPortal = AC8A42512A295E4200D1CC84 /* Project object */;
			proxyType = 1;
			remoteGlobalIDString = AC8A42592A295E4200D1CC84;
			remoteInfo = EssentialFeed;
		};
		ACC2916A2AB8FD9200CFE54D /* PBXContainerItemProxy */ = {
			isa = PBXContainerItemProxy;
			containerPortal = AC8A42512A295E4200D1CC84 /* Project object */;
			proxyType = 1;
			remoteGlobalIDString = ACC2915E2AB8FD9200CFE54D;
			remoteInfo = EssentialFeediOS;
		};
/* End PBXContainerItemProxy section */

/* Begin PBXCopyFilesBuildPhase section */
		ACB6FCC02ABA54C7007E4953 /* Embed Frameworks */ = {
			isa = PBXCopyFilesBuildPhase;
			buildActionMask = 2147483647;
			dstPath = "";
			dstSubfolderSpec = 10;
			files = (
				ACB6FCBD2ABA54C7007E4953 /* EssentialFeed.framework in Embed Frameworks */,
			);
			name = "Embed Frameworks";
			runOnlyForDeploymentPostprocessing = 0;
		};
/* End PBXCopyFilesBuildPhase section */

/* Begin PBXFileReference section */
		AC255CF42A98119C007D38F0 /* EssentialFeedCacheIntegrationTests.xctest */ = {isa = PBXFileReference; explicitFileType = wrapper.cfbundle; includeInIndex = 0; path = EssentialFeedCacheIntegrationTests.xctest; sourceTree = BUILT_PRODUCTS_DIR; };
		AC255CF62A98119C007D38F0 /* EssentialFeedCacheIntegrationTests.swift */ = {isa = PBXFileReference; lastKnownFileType = sourcecode.swift; path = EssentialFeedCacheIntegrationTests.swift; sourceTree = "<group>"; };
		AC2E621D2A4CC0A100456F6D /* README.md */ = {isa = PBXFileReference; lastKnownFileType = net.daringfireball.markdown; path = README.md; sourceTree = "<group>"; };
		AC2E62222A4CC73900456F6D /* CacheFeedUseCaseTests.swift */ = {isa = PBXFileReference; lastKnownFileType = sourcecode.swift; path = CacheFeedUseCaseTests.swift; sourceTree = "<group>"; };
		AC2E62242A5E228100456F6D /* LocalFeedLoader.swift */ = {isa = PBXFileReference; lastKnownFileType = sourcecode.swift; path = LocalFeedLoader.swift; sourceTree = "<group>"; };
		AC2E62262A5E238800456F6D /* FeedStore.swift */ = {isa = PBXFileReference; lastKnownFileType = sourcecode.swift; path = FeedStore.swift; sourceTree = "<group>"; };
		AC2E62282A61E48000456F6D /* RemoteFeedItem.swift */ = {isa = PBXFileReference; lastKnownFileType = sourcecode.swift; path = RemoteFeedItem.swift; sourceTree = "<group>"; };
		AC2E622A2A61E4C300456F6D /* LocalFeedImage.swift */ = {isa = PBXFileReference; lastKnownFileType = sourcecode.swift; path = LocalFeedImage.swift; sourceTree = "<group>"; };
		AC2E622C2A62184900456F6D /* LoadFeedFromCacheUseCaseTests.swift */ = {isa = PBXFileReference; lastKnownFileType = sourcecode.swift; path = LoadFeedFromCacheUseCaseTests.swift; sourceTree = "<group>"; };
		AC2E622F2A62198100456F6D /* FeedStoreSpy.swift */ = {isa = PBXFileReference; lastKnownFileType = sourcecode.swift; path = FeedStoreSpy.swift; sourceTree = "<group>"; };
		AC3F869F2A708D6F00BA8497 /* ValidateFeedCacheUseCaseTests.swift */ = {isa = PBXFileReference; lastKnownFileType = sourcecode.swift; path = ValidateFeedCacheUseCaseTests.swift; sourceTree = "<group>"; };
		AC3F86A12A70911E00BA8497 /* FeedCacheTestHelpers.swift */ = {isa = PBXFileReference; lastKnownFileType = sourcecode.swift; path = FeedCacheTestHelpers.swift; sourceTree = "<group>"; };
		AC3F86A32A7091F100BA8497 /* SharedTestHelpers.swift */ = {isa = PBXFileReference; lastKnownFileType = sourcecode.swift; path = SharedTestHelpers.swift; sourceTree = "<group>"; };
		AC3F86A52A70DBFC00BA8497 /* FeedCachePolicy.swift */ = {isa = PBXFileReference; lastKnownFileType = sourcecode.swift; path = FeedCachePolicy.swift; sourceTree = "<group>"; };
		AC5327272A3A9E1400C127BB /* URLSessionHTTPClient.swift */ = {isa = PBXFileReference; lastKnownFileType = sourcecode.swift; path = URLSessionHTTPClient.swift; sourceTree = "<group>"; };
		AC53272D2A3B859300C127BB /* EssentialFeedAPIEndToEndTests.xctest */ = {isa = PBXFileReference; explicitFileType = wrapper.cfbundle; includeInIndex = 0; path = EssentialFeedAPIEndToEndTests.xctest; sourceTree = BUILT_PRODUCTS_DIR; };
		AC53272F2A3B859300C127BB /* EssentialFeedAPIEndToEndTests.swift */ = {isa = PBXFileReference; lastKnownFileType = sourcecode.swift; path = EssentialFeedAPIEndToEndTests.swift; sourceTree = "<group>"; };
		AC53273A2A3B8E3200C127BB /* EssentialFeedEndToEndTests.xctestplan */ = {isa = PBXFileReference; lastKnownFileType = text; path = EssentialFeedEndToEndTests.xctestplan; sourceTree = SOURCE_ROOT; };
		AC7770C72A33E79500D5D73F /* HTTPClient.swift */ = {isa = PBXFileReference; lastKnownFileType = sourcecode.swift; path = HTTPClient.swift; sourceTree = "<group>"; };
		AC7770C92A33E80000D5D73F /* FeedItemsMapper.swift */ = {isa = PBXFileReference; lastKnownFileType = sourcecode.swift; path = FeedItemsMapper.swift; sourceTree = "<group>"; };
		AC7770CC2A39071B00D5D73F /* URLSessionHTTPClientTests.swift */ = {isa = PBXFileReference; lastKnownFileType = sourcecode.swift; path = URLSessionHTTPClientTests.swift; sourceTree = "<group>"; };
		AC8A425A2A295E4200D1CC84 /* EssentialFeed.framework */ = {isa = PBXFileReference; explicitFileType = wrapper.framework; includeInIndex = 0; path = EssentialFeed.framework; sourceTree = BUILT_PRODUCTS_DIR; };
		AC8A425D2A295E4200D1CC84 /* EssentialFeed.h */ = {isa = PBXFileReference; lastKnownFileType = sourcecode.c.h; path = EssentialFeed.h; sourceTree = "<group>"; };
		AC8A425E2A295E4200D1CC84 /* EssentialFeed.docc */ = {isa = PBXFileReference; lastKnownFileType = folder.documentationcatalog; path = EssentialFeed.docc; sourceTree = "<group>"; };
		AC8A42642A295E4200D1CC84 /* EssentialFeedTests.xctest */ = {isa = PBXFileReference; explicitFileType = wrapper.cfbundle; includeInIndex = 0; path = EssentialFeedTests.xctest; sourceTree = BUILT_PRODUCTS_DIR; };
		AC8A42742A295F1300D1CC84 /* FeedImage.swift */ = {isa = PBXFileReference; lastKnownFileType = sourcecode.swift; path = FeedImage.swift; sourceTree = "<group>"; };
		AC8A42762A295F7800D1CC84 /* FeedLoader.swift */ = {isa = PBXFileReference; lastKnownFileType = sourcecode.swift; path = FeedLoader.swift; sourceTree = "<group>"; };
		AC8A427E2A29694400D1CC84 /* EssentialFeed.xctestplan */ = {isa = PBXFileReference; lastKnownFileType = text; path = EssentialFeed.xctestplan; sourceTree = "<group>"; };
		AC8A427F2A29B0AA00D1CC84 /* LoadFeedFromRemoteUseCaseTests.swift */ = {isa = PBXFileReference; lastKnownFileType = sourcecode.swift; path = LoadFeedFromRemoteUseCaseTests.swift; sourceTree = "<group>"; };
		ACB6FCBA2ABA519F007E4953 /* EssentialFeediOSTests.xctestplan */ = {isa = PBXFileReference; lastKnownFileType = file; path = EssentialFeediOSTests.xctestplan; sourceTree = SOURCE_ROOT; };
		ACC2915F2AB8FD9200CFE54D /* EssentialFeediOS.framework */ = {isa = PBXFileReference; explicitFileType = wrapper.framework; includeInIndex = 0; path = EssentialFeediOS.framework; sourceTree = BUILT_PRODUCTS_DIR; };
		ACC291622AB8FD9200CFE54D /* EssentialFeediOS.docc */ = {isa = PBXFileReference; lastKnownFileType = folder.documentationcatalog; path = EssentialFeediOS.docc; sourceTree = "<group>"; };
		ACC291682AB8FD9200CFE54D /* EssentialFeediOSTests.xctest */ = {isa = PBXFileReference; explicitFileType = wrapper.cfbundle; includeInIndex = 0; path = EssentialFeediOSTests.xctest; sourceTree = BUILT_PRODUCTS_DIR; };
		ACC291772AB902DC00CFE54D /* CI_macOS.xctestplan */ = {isa = PBXFileReference; lastKnownFileType = text; path = CI_macOS.xctestplan; sourceTree = "<group>"; };
		ACC291782AB906D600CFE54D /* CI_iOS.xctestplan */ = {isa = PBXFileReference; lastKnownFileType = text; path = CI_iOS.xctestplan; sourceTree = SOURCE_ROOT; };
		ACC291792ABA500600CFE54D /* FeedViewControllerTests.swift */ = {isa = PBXFileReference; lastKnownFileType = sourcecode.swift; path = FeedViewControllerTests.swift; sourceTree = "<group>"; };
		ACE5CB4D2A3A888500F1A788 /* XCTTestCase+MemoryTrackingHelper.swift */ = {isa = PBXFileReference; lastKnownFileType = sourcecode.swift; path = "XCTTestCase+MemoryTrackingHelper.swift"; sourceTree = "<group>"; };
		ACF86CED2A2ABBE600A21D98 /* RemoteFeedLoader.swift */ = {isa = PBXFileReference; lastKnownFileType = sourcecode.swift; path = RemoteFeedLoader.swift; sourceTree = "<group>"; };
		ACFA8FAB2A743727008F63B4 /* FeedStoreSpecs.swift */ = {isa = PBXFileReference; lastKnownFileType = sourcecode.swift; path = FeedStoreSpecs.swift; sourceTree = "<group>"; };
		ACFA8FAD2A743906008F63B4 /* XCTestCase+FeedStoreSpecs.swift */ = {isa = PBXFileReference; lastKnownFileType = sourcecode.swift; path = "XCTestCase+FeedStoreSpecs.swift"; sourceTree = "<group>"; };
		ACFA8FB42A7476C5008F63B4 /* ManagedCache.xcdatamodel */ = {isa = PBXFileReference; lastKnownFileType = wrapper.xcdatamodel; path = ManagedCache.xcdatamodel; sourceTree = "<group>"; };
		ACFA8FBE2A747B5B008F63B4 /* CoreDateFeedStoreTests.swift */ = {isa = PBXFileReference; lastKnownFileType = sourcecode.swift; path = CoreDateFeedStoreTests.swift; sourceTree = "<group>"; };
		ACFA8FC02A747BEE008F63B4 /* CoreDataFeedStore.swift */ = {isa = PBXFileReference; lastKnownFileType = sourcecode.swift; path = CoreDataFeedStore.swift; sourceTree = "<group>"; };
		ACFA8FC52A7489D6008F63B4 /* CoreDataHelpers.swift */ = {isa = PBXFileReference; lastKnownFileType = sourcecode.swift; path = CoreDataHelpers.swift; sourceTree = "<group>"; };
		ACFA8FC72A748A54008F63B4 /* ManagedCache.swift */ = {isa = PBXFileReference; lastKnownFileType = sourcecode.swift; path = ManagedCache.swift; sourceTree = "<group>"; };
		ACFA8FC92A748A5B008F63B4 /* ManagedFeedImage.swift */ = {isa = PBXFileReference; lastKnownFileType = sourcecode.swift; path = ManagedFeedImage.swift; sourceTree = "<group>"; };
		ACFB91062A98187F00A13729 /* EssentialFeedCacheIntegrationTestPlan.xctestplan */ = {isa = PBXFileReference; lastKnownFileType = text; path = EssentialFeedCacheIntegrationTestPlan.xctestplan; sourceTree = "<group>"; };
/* End PBXFileReference section */

/* Begin PBXFrameworksBuildPhase section */
		AC255CF12A98119C007D38F0 /* Frameworks */ = {
			isa = PBXFrameworksBuildPhase;
			buildActionMask = 2147483647;
			files = (
				AC255CF82A98119C007D38F0 /* EssentialFeed.framework in Frameworks */,
			);
			runOnlyForDeploymentPostprocessing = 0;
		};
		AC53272A2A3B859300C127BB /* Frameworks */ = {
			isa = PBXFrameworksBuildPhase;
			buildActionMask = 2147483647;
			files = (
				AC5327312A3B859300C127BB /* EssentialFeed.framework in Frameworks */,
			);
			runOnlyForDeploymentPostprocessing = 0;
		};
		AC8A42572A295E4200D1CC84 /* Frameworks */ = {
			isa = PBXFrameworksBuildPhase;
			buildActionMask = 2147483647;
			files = (
			);
			runOnlyForDeploymentPostprocessing = 0;
		};
		AC8A42612A295E4200D1CC84 /* Frameworks */ = {
			isa = PBXFrameworksBuildPhase;
			buildActionMask = 2147483647;
			files = (
				AC8A42652A295E4200D1CC84 /* EssentialFeed.framework in Frameworks */,
			);
			runOnlyForDeploymentPostprocessing = 0;
		};
		ACC2915C2AB8FD9200CFE54D /* Frameworks */ = {
			isa = PBXFrameworksBuildPhase;
			buildActionMask = 2147483647;
			files = (
				ACB6FCBC2ABA54C7007E4953 /* EssentialFeed.framework in Frameworks */,
			);
			runOnlyForDeploymentPostprocessing = 0;
		};
		ACC291652AB8FD9200CFE54D /* Frameworks */ = {
			isa = PBXFrameworksBuildPhase;
			buildActionMask = 2147483647;
			files = (
				ACC291692AB8FD9200CFE54D /* EssentialFeediOS.framework in Frameworks */,
			);
			runOnlyForDeploymentPostprocessing = 0;
		};
/* End PBXFrameworksBuildPhase section */

/* Begin PBXGroup section */
		AC255CF52A98119C007D38F0 /* EssentialFeedCacheIntegrationTests */ = {
			isa = PBXGroup;
			children = (
				ACFB91062A98187F00A13729 /* EssentialFeedCacheIntegrationTestPlan.xctestplan */,
				AC255CF62A98119C007D38F0 /* EssentialFeedCacheIntegrationTests.swift */,
			);
			path = EssentialFeedCacheIntegrationTests;
			sourceTree = "<group>";
		};
		AC2E62202A4CC6CD00456F6D /* Feed Cache */ = {
			isa = PBXGroup;
			children = (
				AC2E62262A5E238800456F6D /* FeedStore.swift */,
				AC2E62242A5E228100456F6D /* LocalFeedLoader.swift */,
				AC2E622A2A61E4C300456F6D /* LocalFeedImage.swift */,
				AC3F86A52A70DBFC00BA8497 /* FeedCachePolicy.swift */,
				ACFA8FC22A7488FE008F63B4 /* Infrastructure */,
			);
			path = "Feed Cache";
			sourceTree = "<group>";
		};
		AC2E62212A4CC6FE00456F6D /* Feed Cache */ = {
			isa = PBXGroup;
			children = (
				AC2E622E2A62196F00456F6D /* Helpers */,
				AC2E62222A4CC73900456F6D /* CacheFeedUseCaseTests.swift */,
				AC2E622C2A62184900456F6D /* LoadFeedFromCacheUseCaseTests.swift */,
				AC3F869F2A708D6F00BA8497 /* ValidateFeedCacheUseCaseTests.swift */,
				ACFA8FAB2A743727008F63B4 /* FeedStoreSpecs.swift */,
				ACFA8FBE2A747B5B008F63B4 /* CoreDateFeedStoreTests.swift */,
				ACFA8FAD2A743906008F63B4 /* XCTestCase+FeedStoreSpecs.swift */,
			);
			path = "Feed Cache";
			sourceTree = "<group>";
		};
		AC2E622E2A62196F00456F6D /* Helpers */ = {
			isa = PBXGroup;
			children = (
				AC2E622F2A62198100456F6D /* FeedStoreSpy.swift */,
				AC3F86A12A70911E00BA8497 /* FeedCacheTestHelpers.swift */,
			);
			path = Helpers;
			sourceTree = "<group>";
		};
		AC53272E2A3B859300C127BB /* EssentialFeedAPIEndToEndTests */ = {
			isa = PBXGroup;
			children = (
				AC53273A2A3B8E3200C127BB /* EssentialFeedEndToEndTests.xctestplan */,
				AC53272F2A3B859300C127BB /* EssentialFeedAPIEndToEndTests.swift */,
			);
			path = EssentialFeedAPIEndToEndTests;
			sourceTree = "<group>";
		};
		AC7770CB2A33F33A00D5D73F /* Feed API */ = {
			isa = PBXGroup;
			children = (
				AC8A427F2A29B0AA00D1CC84 /* LoadFeedFromRemoteUseCaseTests.swift */,
				AC7770CC2A39071B00D5D73F /* URLSessionHTTPClientTests.swift */,
			);
			path = "Feed API";
			sourceTree = "<group>";
		};
		AC8A42502A295E4200D1CC84 = {
			isa = PBXGroup;
			children = (
				AC2E621D2A4CC0A100456F6D /* README.md */,
				AC8A425C2A295E4200D1CC84 /* EssentialFeed */,
				AC8A42682A295E4200D1CC84 /* EssentialFeedTests */,
				AC53272E2A3B859300C127BB /* EssentialFeedAPIEndToEndTests */,
				AC255CF52A98119C007D38F0 /* EssentialFeedCacheIntegrationTests */,
				ACC291602AB8FD9200CFE54D /* EssentialFeediOS */,
				ACC2916C2AB8FD9200CFE54D /* EssentialFeediOSTests */,
				AC8A425B2A295E4200D1CC84 /* Products */,
				ACB6FCBB2ABA54C7007E4953 /* Frameworks */,
			);
			sourceTree = "<group>";
		};
		AC8A425B2A295E4200D1CC84 /* Products */ = {
			isa = PBXGroup;
			children = (
				AC8A425A2A295E4200D1CC84 /* EssentialFeed.framework */,
				AC8A42642A295E4200D1CC84 /* EssentialFeedTests.xctest */,
				AC53272D2A3B859300C127BB /* EssentialFeedAPIEndToEndTests.xctest */,
				AC255CF42A98119C007D38F0 /* EssentialFeedCacheIntegrationTests.xctest */,
				ACC2915F2AB8FD9200CFE54D /* EssentialFeediOS.framework */,
				ACC291682AB8FD9200CFE54D /* EssentialFeediOSTests.xctest */,
			);
			name = Products;
			sourceTree = "<group>";
		};
		AC8A425C2A295E4200D1CC84 /* EssentialFeed */ = {
			isa = PBXGroup;
			children = (
				AC8A425D2A295E4200D1CC84 /* EssentialFeed.h */,
				AC8A425E2A295E4200D1CC84 /* EssentialFeed.docc */,
				ACF86CEC2A2ABBCD00A21D98 /* Feed API */,
				AC2E62202A4CC6CD00456F6D /* Feed Cache */,
				AC8A42782A29606900D1CC84 /* Feed Feature */,
			);
			path = EssentialFeed;
			sourceTree = "<group>";
		};
		AC8A42682A295E4200D1CC84 /* EssentialFeedTests */ = {
			isa = PBXGroup;
			children = (
				AC8A427E2A29694400D1CC84 /* EssentialFeed.xctestplan */,
				ACC291782AB906D600CFE54D /* CI_iOS.xctestplan */,
				ACC291772AB902DC00CFE54D /* CI_macOS.xctestplan */,
				ACE5CB4C2A3A886B00F1A788 /* Helpers */,
				AC7770CB2A33F33A00D5D73F /* Feed API */,
				AC2E62212A4CC6FE00456F6D /* Feed Cache */,
			);
			path = EssentialFeedTests;
			sourceTree = "<group>";
		};
		AC8A42782A29606900D1CC84 /* Feed Feature */ = {
			isa = PBXGroup;
			children = (
				AC8A42742A295F1300D1CC84 /* FeedImage.swift */,
				AC8A42762A295F7800D1CC84 /* FeedLoader.swift */,
			);
			path = "Feed Feature";
			sourceTree = "<group>";
		};
		ACB6FCBB2ABA54C7007E4953 /* Frameworks */ = {
			isa = PBXGroup;
			children = (
			);
			name = Frameworks;
			sourceTree = "<group>";
		};
		ACC291602AB8FD9200CFE54D /* EssentialFeediOS */ = {
			isa = PBXGroup;
			children = (
				ACC291622AB8FD9200CFE54D /* EssentialFeediOS.docc */,
			);
			path = EssentialFeediOS;
			sourceTree = "<group>";
		};
		ACC2916C2AB8FD9200CFE54D /* EssentialFeediOSTests */ = {
			isa = PBXGroup;
			children = (
				ACB6FCBA2ABA519F007E4953 /* EssentialFeediOSTests.xctestplan */,
				ACC291792ABA500600CFE54D /* FeedViewControllerTests.swift */,
			);
			path = EssentialFeediOSTests;
			sourceTree = "<group>";
		};
		ACE5CB4C2A3A886B00F1A788 /* Helpers */ = {
			isa = PBXGroup;
			children = (
				ACE5CB4D2A3A888500F1A788 /* XCTTestCase+MemoryTrackingHelper.swift */,
				AC3F86A32A7091F100BA8497 /* SharedTestHelpers.swift */,
			);
			path = Helpers;
			sourceTree = "<group>";
		};
		ACF86CEC2A2ABBCD00A21D98 /* Feed API */ = {
			isa = PBXGroup;
			children = (
				AC7770C92A33E80000D5D73F /* FeedItemsMapper.swift */,
				AC7770C72A33E79500D5D73F /* HTTPClient.swift */,
				AC2E62282A61E48000456F6D /* RemoteFeedItem.swift */,
				ACF86CED2A2ABBE600A21D98 /* RemoteFeedLoader.swift */,
				AC5327272A3A9E1400C127BB /* URLSessionHTTPClient.swift */,
			);
			path = "Feed API";
			sourceTree = "<group>";
		};
		ACFA8FC22A7488FE008F63B4 /* Infrastructure */ = {
			isa = PBXGroup;
			children = (
				ACFA8FC32A7489A3008F63B4 /* CoreData */,
			);
			path = Infrastructure;
			sourceTree = "<group>";
		};
		ACFA8FC32A7489A3008F63B4 /* CoreData */ = {
			isa = PBXGroup;
			children = (
				ACFA8FB32A7476C5008F63B4 /* FeedStore.xcdatamodeld */,
				ACFA8FC02A747BEE008F63B4 /* CoreDataFeedStore.swift */,
				ACFA8FC52A7489D6008F63B4 /* CoreDataHelpers.swift */,
				ACFA8FC72A748A54008F63B4 /* ManagedCache.swift */,
				ACFA8FC92A748A5B008F63B4 /* ManagedFeedImage.swift */,
			);
			path = CoreData;
			sourceTree = "<group>";
		};
/* End PBXGroup section */

/* Begin PBXHeadersBuildPhase section */
		AC8A42552A295E4200D1CC84 /* Headers */ = {
			isa = PBXHeadersBuildPhase;
			buildActionMask = 2147483647;
			files = (
				AC8A426B2A295E4200D1CC84 /* EssentialFeed.h in Headers */,
			);
			runOnlyForDeploymentPostprocessing = 0;
		};
		ACC2915A2AB8FD9200CFE54D /* Headers */ = {
			isa = PBXHeadersBuildPhase;
			buildActionMask = 2147483647;
			files = (
			);
			runOnlyForDeploymentPostprocessing = 0;
		};
/* End PBXHeadersBuildPhase section */

/* Begin PBXNativeTarget section */
		AC255CF32A98119C007D38F0 /* EssentialFeedCacheIntegrationTests */ = {
			isa = PBXNativeTarget;
			buildConfigurationList = AC255CFD2A98119C007D38F0 /* Build configuration list for PBXNativeTarget "EssentialFeedCacheIntegrationTests" */;
			buildPhases = (
				AC255CF02A98119C007D38F0 /* Sources */,
				AC255CF12A98119C007D38F0 /* Frameworks */,
				AC255CF22A98119C007D38F0 /* Resources */,
			);
			buildRules = (
			);
			dependencies = (
				AC255CFA2A98119C007D38F0 /* PBXTargetDependency */,
			);
			name = EssentialFeedCacheIntegrationTests;
			productName = EssentialFeedCacheIntegrationTests;
			productReference = AC255CF42A98119C007D38F0 /* EssentialFeedCacheIntegrationTests.xctest */;
			productType = "com.apple.product-type.bundle.unit-test";
		};
		AC53272C2A3B859300C127BB /* EssentialFeedAPIEndToEndTests */ = {
			isa = PBXNativeTarget;
			buildConfigurationList = AC5327342A3B859300C127BB /* Build configuration list for PBXNativeTarget "EssentialFeedAPIEndToEndTests" */;
			buildPhases = (
				AC5327292A3B859300C127BB /* Sources */,
				AC53272A2A3B859300C127BB /* Frameworks */,
				AC53272B2A3B859300C127BB /* Resources */,
			);
			buildRules = (
			);
			dependencies = (
				AC5327332A3B859300C127BB /* PBXTargetDependency */,
			);
			name = EssentialFeedAPIEndToEndTests;
			productName = EssentialFeedAPIEndToEndTests;
			productReference = AC53272D2A3B859300C127BB /* EssentialFeedAPIEndToEndTests.xctest */;
			productType = "com.apple.product-type.bundle.unit-test";
		};
		AC8A42592A295E4200D1CC84 /* EssentialFeed */ = {
			isa = PBXNativeTarget;
			buildConfigurationList = AC8A426E2A295E4200D1CC84 /* Build configuration list for PBXNativeTarget "EssentialFeed" */;
			buildPhases = (
				AC8A42552A295E4200D1CC84 /* Headers */,
				AC8A42562A295E4200D1CC84 /* Sources */,
				AC8A42572A295E4200D1CC84 /* Frameworks */,
				AC8A42582A295E4200D1CC84 /* Resources */,
			);
			buildRules = (
			);
			dependencies = (
			);
			name = EssentialFeed;
			productName = EssentialFeed;
			productReference = AC8A425A2A295E4200D1CC84 /* EssentialFeed.framework */;
			productType = "com.apple.product-type.framework";
		};
		AC8A42632A295E4200D1CC84 /* EssentialFeedTests */ = {
			isa = PBXNativeTarget;
			buildConfigurationList = AC8A42712A295E4200D1CC84 /* Build configuration list for PBXNativeTarget "EssentialFeedTests" */;
			buildPhases = (
				AC8A42602A295E4200D1CC84 /* Sources */,
				AC8A42612A295E4200D1CC84 /* Frameworks */,
				AC8A42622A295E4200D1CC84 /* Resources */,
			);
			buildRules = (
			);
			dependencies = (
				AC8A42672A295E4200D1CC84 /* PBXTargetDependency */,
			);
			name = EssentialFeedTests;
			productName = EssentialFeedTests;
			productReference = AC8A42642A295E4200D1CC84 /* EssentialFeedTests.xctest */;
			productType = "com.apple.product-type.bundle.unit-test";
		};
		ACC2915E2AB8FD9200CFE54D /* EssentialFeediOS */ = {
			isa = PBXNativeTarget;
			buildConfigurationList = ACC291742AB8FD9200CFE54D /* Build configuration list for PBXNativeTarget "EssentialFeediOS" */;
			buildPhases = (
				ACC2915A2AB8FD9200CFE54D /* Headers */,
				ACC2915B2AB8FD9200CFE54D /* Sources */,
				ACC2915C2AB8FD9200CFE54D /* Frameworks */,
				ACC2915D2AB8FD9200CFE54D /* Resources */,
				ACB6FCC02ABA54C7007E4953 /* Embed Frameworks */,
			);
			buildRules = (
			);
			dependencies = (
				ACB6FCBF2ABA54C7007E4953 /* PBXTargetDependency */,
			);
			name = EssentialFeediOS;
			productName = EssentialFeediOS;
			productReference = ACC2915F2AB8FD9200CFE54D /* EssentialFeediOS.framework */;
			productType = "com.apple.product-type.framework";
		};
		ACC291672AB8FD9200CFE54D /* EssentialFeediOSTests */ = {
			isa = PBXNativeTarget;
			buildConfigurationList = ACC291752AB8FD9200CFE54D /* Build configuration list for PBXNativeTarget "EssentialFeediOSTests" */;
			buildPhases = (
				ACC291642AB8FD9200CFE54D /* Sources */,
				ACC291652AB8FD9200CFE54D /* Frameworks */,
				ACC291662AB8FD9200CFE54D /* Resources */,
			);
			buildRules = (
			);
			dependencies = (
				ACC2916B2AB8FD9200CFE54D /* PBXTargetDependency */,
			);
			name = EssentialFeediOSTests;
			productName = EssentialFeediOSTests;
			productReference = ACC291682AB8FD9200CFE54D /* EssentialFeediOSTests.xctest */;
			productType = "com.apple.product-type.bundle.unit-test";
		};
/* End PBXNativeTarget section */

/* Begin PBXProject section */
		AC8A42512A295E4200D1CC84 /* Project object */ = {
			isa = PBXProject;
			attributes = {
				BuildIndependentTargetsInParallel = 1;
				LastSwiftUpdateCheck = 1430;
				LastUpgradeCheck = 1430;
				TargetAttributes = {
					AC255CF32A98119C007D38F0 = {
						CreatedOnToolsVersion = 14.3.1;
					};
					AC53272C2A3B859300C127BB = {
						CreatedOnToolsVersion = 14.3.1;
					};
					AC8A42592A295E4200D1CC84 = {
						CreatedOnToolsVersion = 14.3;
					};
					AC8A42632A295E4200D1CC84 = {
						CreatedOnToolsVersion = 14.3;
					};
					ACC2915E2AB8FD9200CFE54D = {
						CreatedOnToolsVersion = 14.3.1;
					};
					ACC291672AB8FD9200CFE54D = {
						CreatedOnToolsVersion = 14.3.1;
						LastSwiftMigration = 1430;
					};
				};
			};
			buildConfigurationList = AC8A42542A295E4200D1CC84 /* Build configuration list for PBXProject "EssentialFeed" */;
			compatibilityVersion = "Xcode 14.0";
			developmentRegion = en;
			hasScannedForEncodings = 0;
			knownRegions = (
				en,
				Base,
			);
			mainGroup = AC8A42502A295E4200D1CC84;
			productRefGroup = AC8A425B2A295E4200D1CC84 /* Products */;
			projectDirPath = "";
			projectRoot = "";
			targets = (
				AC8A42592A295E4200D1CC84 /* EssentialFeed */,
				AC8A42632A295E4200D1CC84 /* EssentialFeedTests */,
				AC53272C2A3B859300C127BB /* EssentialFeedAPIEndToEndTests */,
				AC255CF32A98119C007D38F0 /* EssentialFeedCacheIntegrationTests */,
				ACC2915E2AB8FD9200CFE54D /* EssentialFeediOS */,
				ACC291672AB8FD9200CFE54D /* EssentialFeediOSTests */,
			);
		};
/* End PBXProject section */

/* Begin PBXResourcesBuildPhase section */
		AC255CF22A98119C007D38F0 /* Resources */ = {
			isa = PBXResourcesBuildPhase;
			buildActionMask = 2147483647;
			files = (
			);
			runOnlyForDeploymentPostprocessing = 0;
		};
		AC53272B2A3B859300C127BB /* Resources */ = {
			isa = PBXResourcesBuildPhase;
			buildActionMask = 2147483647;
			files = (
			);
			runOnlyForDeploymentPostprocessing = 0;
		};
		AC8A42582A295E4200D1CC84 /* Resources */ = {
			isa = PBXResourcesBuildPhase;
			buildActionMask = 2147483647;
			files = (
			);
			runOnlyForDeploymentPostprocessing = 0;
		};
		AC8A42622A295E4200D1CC84 /* Resources */ = {
			isa = PBXResourcesBuildPhase;
			buildActionMask = 2147483647;
			files = (
			);
			runOnlyForDeploymentPostprocessing = 0;
		};
		ACC2915D2AB8FD9200CFE54D /* Resources */ = {
			isa = PBXResourcesBuildPhase;
			buildActionMask = 2147483647;
			files = (
			);
			runOnlyForDeploymentPostprocessing = 0;
		};
		ACC291662AB8FD9200CFE54D /* Resources */ = {
			isa = PBXResourcesBuildPhase;
			buildActionMask = 2147483647;
			files = (
			);
			runOnlyForDeploymentPostprocessing = 0;
		};
/* End PBXResourcesBuildPhase section */

/* Begin PBXSourcesBuildPhase section */
		AC255CF02A98119C007D38F0 /* Sources */ = {
			isa = PBXSourcesBuildPhase;
			buildActionMask = 2147483647;
			files = (
				AC255D012A981721007D38F0 /* SharedTestHelpers.swift in Sources */,
				AC255CF72A98119C007D38F0 /* EssentialFeedCacheIntegrationTests.swift in Sources */,
				AC255D002A981718007D38F0 /* FeedCacheTestHelpers.swift in Sources */,
				AC255CFF2A9815C6007D38F0 /* XCTTestCase+MemoryTrackingHelper.swift in Sources */,
			);
			runOnlyForDeploymentPostprocessing = 0;
		};
		AC5327292A3B859300C127BB /* Sources */ = {
			isa = PBXSourcesBuildPhase;
			buildActionMask = 2147483647;
			files = (
				AC5327302A3B859300C127BB /* EssentialFeedAPIEndToEndTests.swift in Sources */,
				AC5327372A3B8B8800C127BB /* XCTTestCase+MemoryTrackingHelper.swift in Sources */,
			);
			runOnlyForDeploymentPostprocessing = 0;
		};
		AC8A42562A295E4200D1CC84 /* Sources */ = {
			isa = PBXSourcesBuildPhase;
			buildActionMask = 2147483647;
			files = (
				AC2E622B2A61E4C300456F6D /* LocalFeedImage.swift in Sources */,
				AC2E62272A5E238800456F6D /* FeedStore.swift in Sources */,
				AC5327282A3A9E1400C127BB /* URLSessionHTTPClient.swift in Sources */,
				ACFA8FB52A7476C5008F63B4 /* FeedStore.xcdatamodeld in Sources */,
				ACF86CEE2A2ABBE600A21D98 /* RemoteFeedLoader.swift in Sources */,
				AC7770C82A33E79500D5D73F /* HTTPClient.swift in Sources */,
				ACFA8FC62A7489D6008F63B4 /* CoreDataHelpers.swift in Sources */,
				AC8A42772A295F7800D1CC84 /* FeedLoader.swift in Sources */,
				ACFA8FC12A747BEE008F63B4 /* CoreDataFeedStore.swift in Sources */,
				ACFA8FC82A748A54008F63B4 /* ManagedCache.swift in Sources */,
				AC7770CA2A33E80000D5D73F /* FeedItemsMapper.swift in Sources */,
				AC2E62292A61E48000456F6D /* RemoteFeedItem.swift in Sources */,
				AC3F86A62A70DBFC00BA8497 /* FeedCachePolicy.swift in Sources */,
				AC8A42752A295F1300D1CC84 /* FeedImage.swift in Sources */,
				ACFA8FCA2A748A5B008F63B4 /* ManagedFeedImage.swift in Sources */,
				AC2E62252A5E228100456F6D /* LocalFeedLoader.swift in Sources */,
				AC8A425F2A295E4200D1CC84 /* EssentialFeed.docc in Sources */,
			);
			runOnlyForDeploymentPostprocessing = 0;
		};
		AC8A42602A295E4200D1CC84 /* Sources */ = {
			isa = PBXSourcesBuildPhase;
			buildActionMask = 2147483647;
			files = (
				AC3F86A22A70911E00BA8497 /* FeedCacheTestHelpers.swift in Sources */,
				AC3F86A02A708D6F00BA8497 /* ValidateFeedCacheUseCaseTests.swift in Sources */,
				AC8A42802A29B0AA00D1CC84 /* LoadFeedFromRemoteUseCaseTests.swift in Sources */,
				ACFA8FBF2A747B5B008F63B4 /* CoreDateFeedStoreTests.swift in Sources */,
				ACE5CB4E2A3A888500F1A788 /* XCTTestCase+MemoryTrackingHelper.swift in Sources */,
				AC2E62302A62198100456F6D /* FeedStoreSpy.swift in Sources */,
				AC3F86A42A7091F100BA8497 /* SharedTestHelpers.swift in Sources */,
				AC2E62232A4CC73900456F6D /* CacheFeedUseCaseTests.swift in Sources */,
				AC2E622D2A62184900456F6D /* LoadFeedFromCacheUseCaseTests.swift in Sources */,
				ACFA8FAC2A743727008F63B4 /* FeedStoreSpecs.swift in Sources */,
				AC7770CD2A39071B00D5D73F /* URLSessionHTTPClientTests.swift in Sources */,
				ACFA8FAE2A743906008F63B4 /* XCTestCase+FeedStoreSpecs.swift in Sources */,
			);
			runOnlyForDeploymentPostprocessing = 0;
		};
		ACC2915B2AB8FD9200CFE54D /* Sources */ = {
			isa = PBXSourcesBuildPhase;
			buildActionMask = 2147483647;
			files = (
				ACC291632AB8FD9200CFE54D /* EssentialFeediOS.docc in Sources */,
			);
			runOnlyForDeploymentPostprocessing = 0;
		};
		ACC291642AB8FD9200CFE54D /* Sources */ = {
			isa = PBXSourcesBuildPhase;
			buildActionMask = 2147483647;
			files = (
				ACC2917A2ABA500600CFE54D /* FeedViewControllerTests.swift in Sources */,
				ACB6FCC12ABA55B3007E4953 /* XCTTestCase+MemoryTrackingHelper.swift in Sources */,
			);
			runOnlyForDeploymentPostprocessing = 0;
		};
/* End PBXSourcesBuildPhase section */

/* Begin PBXTargetDependency section */
		AC255CFA2A98119C007D38F0 /* PBXTargetDependency */ = {
			isa = PBXTargetDependency;
			target = AC8A42592A295E4200D1CC84 /* EssentialFeed */;
			targetProxy = AC255CF92A98119C007D38F0 /* PBXContainerItemProxy */;
		};
		AC5327332A3B859300C127BB /* PBXTargetDependency */ = {
			isa = PBXTargetDependency;
			target = AC8A42592A295E4200D1CC84 /* EssentialFeed */;
			targetProxy = AC5327322A3B859300C127BB /* PBXContainerItemProxy */;
		};
		AC8A42672A295E4200D1CC84 /* PBXTargetDependency */ = {
			isa = PBXTargetDependency;
			target = AC8A42592A295E4200D1CC84 /* EssentialFeed */;
			targetProxy = AC8A42662A295E4200D1CC84 /* PBXContainerItemProxy */;
		};
		ACB6FCBF2ABA54C7007E4953 /* PBXTargetDependency */ = {
			isa = PBXTargetDependency;
			target = AC8A42592A295E4200D1CC84 /* EssentialFeed */;
			targetProxy = ACB6FCBE2ABA54C7007E4953 /* PBXContainerItemProxy */;
		};
		ACC2916B2AB8FD9200CFE54D /* PBXTargetDependency */ = {
			isa = PBXTargetDependency;
			target = ACC2915E2AB8FD9200CFE54D /* EssentialFeediOS */;
			targetProxy = ACC2916A2AB8FD9200CFE54D /* PBXContainerItemProxy */;
		};
/* End PBXTargetDependency section */

/* Begin XCBuildConfiguration section */
		AC255CFB2A98119C007D38F0 /* Debug */ = {
			isa = XCBuildConfiguration;
			buildSettings = {
				CODE_SIGN_STYLE = Automatic;
				CURRENT_PROJECT_VERSION = 1;
				DEVELOPMENT_TEAM = WK3TD8MH9H;
				GENERATE_INFOPLIST_FILE = YES;
				IPHONEOS_DEPLOYMENT_TARGET = 16.0;
				MACOSX_DEPLOYMENT_TARGET = 13.0;
				MARKETING_VERSION = 1.0;
				PRODUCT_BUNDLE_IDENTIFIER = com.peregoy.EssentialFeedCacheIntegrationTests;
				PRODUCT_NAME = "$(TARGET_NAME)";
				SUPPORTED_PLATFORMS = "iphoneos iphonesimulator macosx";
				SUPPORTS_MACCATALYST = NO;
				SUPPORTS_MAC_DESIGNED_FOR_IPHONE_IPAD = NO;
				SWIFT_EMIT_LOC_STRINGS = NO;
				SWIFT_VERSION = 5.0;
				TARGETED_DEVICE_FAMILY = "1,2";
			};
			name = Debug;
		};
		AC255CFC2A98119C007D38F0 /* Release */ = {
			isa = XCBuildConfiguration;
			buildSettings = {
				CODE_SIGN_STYLE = Automatic;
				CURRENT_PROJECT_VERSION = 1;
				DEVELOPMENT_TEAM = WK3TD8MH9H;
				GENERATE_INFOPLIST_FILE = YES;
				IPHONEOS_DEPLOYMENT_TARGET = 16.0;
				MACOSX_DEPLOYMENT_TARGET = 13.0;
				MARKETING_VERSION = 1.0;
				PRODUCT_BUNDLE_IDENTIFIER = com.peregoy.EssentialFeedCacheIntegrationTests;
				PRODUCT_NAME = "$(TARGET_NAME)";
				SUPPORTED_PLATFORMS = "iphoneos iphonesimulator macosx";
				SUPPORTS_MACCATALYST = NO;
				SUPPORTS_MAC_DESIGNED_FOR_IPHONE_IPAD = NO;
				SWIFT_EMIT_LOC_STRINGS = NO;
				SWIFT_VERSION = 5.0;
				TARGETED_DEVICE_FAMILY = "1,2";
			};
			name = Release;
		};
		AC5327352A3B859300C127BB /* Debug */ = {
			isa = XCBuildConfiguration;
			buildSettings = {
				CODE_SIGN_STYLE = Automatic;
				CURRENT_PROJECT_VERSION = 1;
				DEVELOPMENT_TEAM = WK3TD8MH9H;
				GENERATE_INFOPLIST_FILE = YES;
				IPHONEOS_DEPLOYMENT_TARGET = 16.0;
				MARKETING_VERSION = 1.0;
				PRODUCT_BUNDLE_IDENTIFIER = com.peregoy.EssentialFeedAPIEndToEndTests;
				PRODUCT_NAME = "$(TARGET_NAME)";
				SUPPORTED_PLATFORMS = "iphoneos iphonesimulator macosx";
				SUPPORTS_MACCATALYST = NO;
				SUPPORTS_MAC_DESIGNED_FOR_IPHONE_IPAD = NO;
				SWIFT_EMIT_LOC_STRINGS = NO;
				SWIFT_VERSION = 5.0;
				TARGETED_DEVICE_FAMILY = "1,2";
			};
			name = Debug;
		};
		AC5327362A3B859300C127BB /* Release */ = {
			isa = XCBuildConfiguration;
			buildSettings = {
				CODE_SIGN_STYLE = Automatic;
				CURRENT_PROJECT_VERSION = 1;
				DEVELOPMENT_TEAM = WK3TD8MH9H;
				GENERATE_INFOPLIST_FILE = YES;
				IPHONEOS_DEPLOYMENT_TARGET = 16.0;
				MARKETING_VERSION = 1.0;
				PRODUCT_BUNDLE_IDENTIFIER = com.peregoy.EssentialFeedAPIEndToEndTests;
				PRODUCT_NAME = "$(TARGET_NAME)";
				SUPPORTED_PLATFORMS = "iphoneos iphonesimulator macosx";
				SUPPORTS_MACCATALYST = NO;
				SUPPORTS_MAC_DESIGNED_FOR_IPHONE_IPAD = NO;
				SWIFT_EMIT_LOC_STRINGS = NO;
				SWIFT_VERSION = 5.0;
				TARGETED_DEVICE_FAMILY = "1,2";
			};
			name = Release;
		};
		AC8A426C2A295E4200D1CC84 /* Debug */ = {
			isa = XCBuildConfiguration;
			buildSettings = {
				ALWAYS_SEARCH_USER_PATHS = NO;
				CLANG_ANALYZER_NONNULL = YES;
				CLANG_ANALYZER_NUMBER_OBJECT_CONVERSION = YES_AGGRESSIVE;
				CLANG_CXX_LANGUAGE_STANDARD = "gnu++20";
				CLANG_ENABLE_MODULES = YES;
				CLANG_ENABLE_OBJC_ARC = YES;
				CLANG_ENABLE_OBJC_WEAK = YES;
				CLANG_WARN_BLOCK_CAPTURE_AUTORELEASING = YES;
				CLANG_WARN_BOOL_CONVERSION = YES;
				CLANG_WARN_COMMA = YES;
				CLANG_WARN_CONSTANT_CONVERSION = YES;
				CLANG_WARN_DEPRECATED_OBJC_IMPLEMENTATIONS = YES;
				CLANG_WARN_DIRECT_OBJC_ISA_USAGE = YES_ERROR;
				CLANG_WARN_DOCUMENTATION_COMMENTS = YES;
				CLANG_WARN_EMPTY_BODY = YES;
				CLANG_WARN_ENUM_CONVERSION = YES;
				CLANG_WARN_INFINITE_RECURSION = YES;
				CLANG_WARN_INT_CONVERSION = YES;
				CLANG_WARN_NON_LITERAL_NULL_CONVERSION = YES;
				CLANG_WARN_OBJC_IMPLICIT_RETAIN_SELF = YES;
				CLANG_WARN_OBJC_LITERAL_CONVERSION = YES;
				CLANG_WARN_OBJC_ROOT_CLASS = YES_ERROR;
				CLANG_WARN_QUOTED_INCLUDE_IN_FRAMEWORK_HEADER = YES;
				CLANG_WARN_RANGE_LOOP_ANALYSIS = YES;
				CLANG_WARN_STRICT_PROTOTYPES = YES;
				CLANG_WARN_SUSPICIOUS_MOVE = YES;
				CLANG_WARN_UNGUARDED_AVAILABILITY = YES_AGGRESSIVE;
				CLANG_WARN_UNREACHABLE_CODE = YES;
				CLANG_WARN__DUPLICATE_METHOD_MATCH = YES;
				COPY_PHASE_STRIP = NO;
				CURRENT_PROJECT_VERSION = 1;
				DEBUG_INFORMATION_FORMAT = dwarf;
				ENABLE_STRICT_OBJC_MSGSEND = YES;
				ENABLE_TESTABILITY = YES;
				GCC_C_LANGUAGE_STANDARD = gnu11;
				GCC_DYNAMIC_NO_PIC = NO;
				GCC_NO_COMMON_BLOCKS = YES;
				GCC_OPTIMIZATION_LEVEL = 0;
				GCC_PREPROCESSOR_DEFINITIONS = (
					"DEBUG=1",
					"$(inherited)",
				);
				GCC_WARN_64_TO_32_BIT_CONVERSION = YES;
				GCC_WARN_ABOUT_RETURN_TYPE = YES_ERROR;
				GCC_WARN_UNDECLARED_SELECTOR = YES;
				GCC_WARN_UNINITIALIZED_AUTOS = YES_AGGRESSIVE;
				GCC_WARN_UNUSED_FUNCTION = YES;
				GCC_WARN_UNUSED_VARIABLE = YES;
				MACOSX_DEPLOYMENT_TARGET = 12.4;
				MTL_ENABLE_DEBUG_INFO = INCLUDE_SOURCE;
				MTL_FAST_MATH = YES;
				ONLY_ACTIVE_ARCH = YES;
				SDKROOT = macosx;
				SWIFT_ACTIVE_COMPILATION_CONDITIONS = DEBUG;
				SWIFT_OPTIMIZATION_LEVEL = "-Onone";
				VERSIONING_SYSTEM = "apple-generic";
				VERSION_INFO_PREFIX = "";
			};
			name = Debug;
		};
		AC8A426D2A295E4200D1CC84 /* Release */ = {
			isa = XCBuildConfiguration;
			buildSettings = {
				ALWAYS_SEARCH_USER_PATHS = NO;
				CLANG_ANALYZER_NONNULL = YES;
				CLANG_ANALYZER_NUMBER_OBJECT_CONVERSION = YES_AGGRESSIVE;
				CLANG_CXX_LANGUAGE_STANDARD = "gnu++20";
				CLANG_ENABLE_MODULES = YES;
				CLANG_ENABLE_OBJC_ARC = YES;
				CLANG_ENABLE_OBJC_WEAK = YES;
				CLANG_WARN_BLOCK_CAPTURE_AUTORELEASING = YES;
				CLANG_WARN_BOOL_CONVERSION = YES;
				CLANG_WARN_COMMA = YES;
				CLANG_WARN_CONSTANT_CONVERSION = YES;
				CLANG_WARN_DEPRECATED_OBJC_IMPLEMENTATIONS = YES;
				CLANG_WARN_DIRECT_OBJC_ISA_USAGE = YES_ERROR;
				CLANG_WARN_DOCUMENTATION_COMMENTS = YES;
				CLANG_WARN_EMPTY_BODY = YES;
				CLANG_WARN_ENUM_CONVERSION = YES;
				CLANG_WARN_INFINITE_RECURSION = YES;
				CLANG_WARN_INT_CONVERSION = YES;
				CLANG_WARN_NON_LITERAL_NULL_CONVERSION = YES;
				CLANG_WARN_OBJC_IMPLICIT_RETAIN_SELF = YES;
				CLANG_WARN_OBJC_LITERAL_CONVERSION = YES;
				CLANG_WARN_OBJC_ROOT_CLASS = YES_ERROR;
				CLANG_WARN_QUOTED_INCLUDE_IN_FRAMEWORK_HEADER = YES;
				CLANG_WARN_RANGE_LOOP_ANALYSIS = YES;
				CLANG_WARN_STRICT_PROTOTYPES = YES;
				CLANG_WARN_SUSPICIOUS_MOVE = YES;
				CLANG_WARN_UNGUARDED_AVAILABILITY = YES_AGGRESSIVE;
				CLANG_WARN_UNREACHABLE_CODE = YES;
				CLANG_WARN__DUPLICATE_METHOD_MATCH = YES;
				COPY_PHASE_STRIP = NO;
				CURRENT_PROJECT_VERSION = 1;
				DEBUG_INFORMATION_FORMAT = "dwarf-with-dsym";
				ENABLE_NS_ASSERTIONS = NO;
				ENABLE_STRICT_OBJC_MSGSEND = YES;
				GCC_C_LANGUAGE_STANDARD = gnu11;
				GCC_NO_COMMON_BLOCKS = YES;
				GCC_WARN_64_TO_32_BIT_CONVERSION = YES;
				GCC_WARN_ABOUT_RETURN_TYPE = YES_ERROR;
				GCC_WARN_UNDECLARED_SELECTOR = YES;
				GCC_WARN_UNINITIALIZED_AUTOS = YES_AGGRESSIVE;
				GCC_WARN_UNUSED_FUNCTION = YES;
				GCC_WARN_UNUSED_VARIABLE = YES;
				MACOSX_DEPLOYMENT_TARGET = 12.4;
				MTL_ENABLE_DEBUG_INFO = NO;
				MTL_FAST_MATH = YES;
				SDKROOT = macosx;
				SWIFT_COMPILATION_MODE = wholemodule;
				SWIFT_OPTIMIZATION_LEVEL = "-O";
				VERSIONING_SYSTEM = "apple-generic";
				VERSION_INFO_PREFIX = "";
			};
			name = Release;
		};
		AC8A426F2A295E4200D1CC84 /* Debug */ = {
			isa = XCBuildConfiguration;
			buildSettings = {
				CODE_SIGN_STYLE = Automatic;
				COMBINE_HIDPI_IMAGES = YES;
				CURRENT_PROJECT_VERSION = 1;
				DEFINES_MODULE = YES;
				DEVELOPMENT_TEAM = WK3TD8MH9H;
				DYLIB_COMPATIBILITY_VERSION = 1;
				DYLIB_CURRENT_VERSION = 1;
				DYLIB_INSTALL_NAME_BASE = "@rpath";
				ENABLE_MODULE_VERIFIER = YES;
				GENERATE_INFOPLIST_FILE = YES;
				INFOPLIST_KEY_NSHumanReadableCopyright = "";
				INSTALL_PATH = "$(LOCAL_LIBRARY_DIR)/Frameworks";
				IPHONEOS_DEPLOYMENT_TARGET = 16.0;
				LD_RUNPATH_SEARCH_PATHS = (
					"$(inherited)",
					"@executable_path/../Frameworks",
					"@loader_path/Frameworks",
				);
				MARKETING_VERSION = 1.0;
				MODULE_VERIFIER_SUPPORTED_LANGUAGES = "objective-c objective-c++";
				MODULE_VERIFIER_SUPPORTED_LANGUAGE_STANDARDS = "gnu11 gnu++20";
				PRODUCT_BUNDLE_IDENTIFIER = com.peregoy.EssentialFeed;
				PRODUCT_NAME = "$(TARGET_NAME:c99extidentifier)";
				SKIP_INSTALL = YES;
				SUPPORTED_PLATFORMS = "iphoneos iphonesimulator macosx";
				SUPPORTS_MACCATALYST = NO;
				SUPPORTS_MAC_DESIGNED_FOR_IPHONE_IPAD = NO;
				SWIFT_EMIT_LOC_STRINGS = YES;
				SWIFT_VERSION = 5.0;
				TARGETED_DEVICE_FAMILY = "1,2";
			};
			name = Debug;
		};
		AC8A42702A295E4200D1CC84 /* Release */ = {
			isa = XCBuildConfiguration;
			buildSettings = {
				CODE_SIGN_STYLE = Automatic;
				COMBINE_HIDPI_IMAGES = YES;
				CURRENT_PROJECT_VERSION = 1;
				DEFINES_MODULE = YES;
				DEVELOPMENT_TEAM = WK3TD8MH9H;
				DYLIB_COMPATIBILITY_VERSION = 1;
				DYLIB_CURRENT_VERSION = 1;
				DYLIB_INSTALL_NAME_BASE = "@rpath";
				ENABLE_MODULE_VERIFIER = YES;
				GENERATE_INFOPLIST_FILE = YES;
				INFOPLIST_KEY_NSHumanReadableCopyright = "";
				INSTALL_PATH = "$(LOCAL_LIBRARY_DIR)/Frameworks";
				IPHONEOS_DEPLOYMENT_TARGET = 16.0;
				LD_RUNPATH_SEARCH_PATHS = (
					"$(inherited)",
					"@executable_path/../Frameworks",
					"@loader_path/Frameworks",
				);
				MARKETING_VERSION = 1.0;
				MODULE_VERIFIER_SUPPORTED_LANGUAGES = "objective-c objective-c++";
				MODULE_VERIFIER_SUPPORTED_LANGUAGE_STANDARDS = "gnu11 gnu++20";
				PRODUCT_BUNDLE_IDENTIFIER = com.peregoy.EssentialFeed;
				PRODUCT_NAME = "$(TARGET_NAME:c99extidentifier)";
				SKIP_INSTALL = YES;
				SUPPORTED_PLATFORMS = "iphoneos iphonesimulator macosx";
				SUPPORTS_MACCATALYST = NO;
				SUPPORTS_MAC_DESIGNED_FOR_IPHONE_IPAD = NO;
				SWIFT_EMIT_LOC_STRINGS = YES;
				SWIFT_VERSION = 5.0;
				TARGETED_DEVICE_FAMILY = "1,2";
			};
			name = Release;
		};
		AC8A42722A295E4200D1CC84 /* Debug */ = {
			isa = XCBuildConfiguration;
			buildSettings = {
				ALWAYS_EMBED_SWIFT_STANDARD_LIBRARIES = YES;
				CODE_SIGN_STYLE = Automatic;
				CURRENT_PROJECT_VERSION = 1;
				DEVELOPMENT_TEAM = WK3TD8MH9H;
				GENERATE_INFOPLIST_FILE = YES;
				IPHONEOS_DEPLOYMENT_TARGET = 16.0;
				MARKETING_VERSION = 1.0;
				PRODUCT_BUNDLE_IDENTIFIER = com.peregoy.EssentialFeedTests;
				PRODUCT_NAME = "$(TARGET_NAME)";
				SUPPORTED_PLATFORMS = "iphoneos iphonesimulator macosx";
				SUPPORTS_MACCATALYST = NO;
				SUPPORTS_MAC_DESIGNED_FOR_IPHONE_IPAD = NO;
				SWIFT_EMIT_LOC_STRINGS = NO;
				SWIFT_VERSION = 5.0;
				TARGETED_DEVICE_FAMILY = "1,2";
			};
			name = Debug;
		};
		AC8A42732A295E4200D1CC84 /* Release */ = {
			isa = XCBuildConfiguration;
			buildSettings = {
				ALWAYS_EMBED_SWIFT_STANDARD_LIBRARIES = YES;
				CODE_SIGN_STYLE = Automatic;
				CURRENT_PROJECT_VERSION = 1;
				DEVELOPMENT_TEAM = WK3TD8MH9H;
				GENERATE_INFOPLIST_FILE = YES;
				IPHONEOS_DEPLOYMENT_TARGET = 16.0;
				MARKETING_VERSION = 1.0;
				PRODUCT_BUNDLE_IDENTIFIER = com.peregoy.EssentialFeedTests;
				PRODUCT_NAME = "$(TARGET_NAME)";
				SUPPORTED_PLATFORMS = "iphoneos iphonesimulator macosx";
				SUPPORTS_MACCATALYST = NO;
				SUPPORTS_MAC_DESIGNED_FOR_IPHONE_IPAD = NO;
				SWIFT_EMIT_LOC_STRINGS = NO;
				SWIFT_VERSION = 5.0;
				TARGETED_DEVICE_FAMILY = "1,2";
			};
			name = Release;
		};
		ACC291702AB8FD9200CFE54D /* Debug */ = {
			isa = XCBuildConfiguration;
			buildSettings = {
				CODE_SIGN_STYLE = Automatic;
				CURRENT_PROJECT_VERSION = 1;
				DEFINES_MODULE = YES;
				DEVELOPMENT_TEAM = WK3TD8MH9H;
				DYLIB_COMPATIBILITY_VERSION = 1;
				DYLIB_CURRENT_VERSION = 1;
				DYLIB_INSTALL_NAME_BASE = "@rpath";
				ENABLE_MODULE_VERIFIER = YES;
				GENERATE_INFOPLIST_FILE = YES;
				INFOPLIST_KEY_NSHumanReadableCopyright = "";
				INSTALL_PATH = "$(LOCAL_LIBRARY_DIR)/Frameworks";
				IPHONEOS_DEPLOYMENT_TARGET = 16.0;
				LD_RUNPATH_SEARCH_PATHS = (
					"$(inherited)",
					"@executable_path/Frameworks",
					"@loader_path/Frameworks",
				);
				MARKETING_VERSION = 1.0;
				MODULE_VERIFIER_SUPPORTED_LANGUAGES = "objective-c objective-c++";
				MODULE_VERIFIER_SUPPORTED_LANGUAGE_STANDARDS = "gnu11 gnu++20";
				PRODUCT_BUNDLE_IDENTIFIER = com.peregoy.EssentialFeediOS;
				PRODUCT_NAME = "$(TARGET_NAME:c99extidentifier)";
				SDKROOT = iphoneos;
				SKIP_INSTALL = YES;
				SUPPORTED_PLATFORMS = "iphoneos iphonesimulator";
				SUPPORTS_MACCATALYST = NO;
				SUPPORTS_MAC_DESIGNED_FOR_IPHONE_IPAD = NO;
				SWIFT_EMIT_LOC_STRINGS = YES;
				SWIFT_VERSION = 5.0;
				TARGETED_DEVICE_FAMILY = "1,2";
			};
			name = Debug;
		};
		ACC291712AB8FD9200CFE54D /* Release */ = {
			isa = XCBuildConfiguration;
			buildSettings = {
				CODE_SIGN_STYLE = Automatic;
				CURRENT_PROJECT_VERSION = 1;
				DEFINES_MODULE = YES;
				DEVELOPMENT_TEAM = WK3TD8MH9H;
				DYLIB_COMPATIBILITY_VERSION = 1;
				DYLIB_CURRENT_VERSION = 1;
				DYLIB_INSTALL_NAME_BASE = "@rpath";
				ENABLE_MODULE_VERIFIER = YES;
				GENERATE_INFOPLIST_FILE = YES;
				INFOPLIST_KEY_NSHumanReadableCopyright = "";
				INSTALL_PATH = "$(LOCAL_LIBRARY_DIR)/Frameworks";
				IPHONEOS_DEPLOYMENT_TARGET = 16.0;
				LD_RUNPATH_SEARCH_PATHS = (
					"$(inherited)",
					"@executable_path/Frameworks",
					"@loader_path/Frameworks",
				);
				MARKETING_VERSION = 1.0;
				MODULE_VERIFIER_SUPPORTED_LANGUAGES = "objective-c objective-c++";
				MODULE_VERIFIER_SUPPORTED_LANGUAGE_STANDARDS = "gnu11 gnu++20";
				PRODUCT_BUNDLE_IDENTIFIER = com.peregoy.EssentialFeediOS;
				PRODUCT_NAME = "$(TARGET_NAME:c99extidentifier)";
				SDKROOT = iphoneos;
				SKIP_INSTALL = YES;
				SUPPORTED_PLATFORMS = "iphoneos iphonesimulator";
				SUPPORTS_MACCATALYST = NO;
				SUPPORTS_MAC_DESIGNED_FOR_IPHONE_IPAD = NO;
				SWIFT_EMIT_LOC_STRINGS = YES;
				SWIFT_VERSION = 5.0;
				TARGETED_DEVICE_FAMILY = "1,2";
				VALIDATE_PRODUCT = YES;
			};
			name = Release;
		};
		ACC291722AB8FD9200CFE54D /* Debug */ = {
			isa = XCBuildConfiguration;
			buildSettings = {
				CLANG_ENABLE_MODULES = YES;
				CODE_SIGN_STYLE = Automatic;
				CURRENT_PROJECT_VERSION = 1;
				DEVELOPMENT_TEAM = WK3TD8MH9H;
				GENERATE_INFOPLIST_FILE = YES;
				IPHONEOS_DEPLOYMENT_TARGET = 16.0;
				MARKETING_VERSION = 1.0;
				PRODUCT_BUNDLE_IDENTIFIER = com.peregoy.EssentialFeediOSTests;
				PRODUCT_NAME = "$(TARGET_NAME)";
				SDKROOT = iphoneos;
				SUPPORTED_PLATFORMS = "iphoneos iphonesimulator";
				SUPPORTS_MACCATALYST = NO;
				SUPPORTS_MAC_DESIGNED_FOR_IPHONE_IPAD = NO;
				SWIFT_EMIT_LOC_STRINGS = NO;
				SWIFT_OPTIMIZATION_LEVEL = "-Onone";
				SWIFT_VERSION = 5.0;
				TARGETED_DEVICE_FAMILY = "1,2";
			};
			name = Debug;
		};
		ACC291732AB8FD9200CFE54D /* Release */ = {
			isa = XCBuildConfiguration;
			buildSettings = {
				CLANG_ENABLE_MODULES = YES;
				CODE_SIGN_STYLE = Automatic;
				CURRENT_PROJECT_VERSION = 1;
				DEVELOPMENT_TEAM = WK3TD8MH9H;
				GENERATE_INFOPLIST_FILE = YES;
				IPHONEOS_DEPLOYMENT_TARGET = 16.0;
				MARKETING_VERSION = 1.0;
				PRODUCT_BUNDLE_IDENTIFIER = com.peregoy.EssentialFeediOSTests;
				PRODUCT_NAME = "$(TARGET_NAME)";
				SDKROOT = iphoneos;
				SUPPORTED_PLATFORMS = "iphoneos iphonesimulator";
				SUPPORTS_MACCATALYST = NO;
				SUPPORTS_MAC_DESIGNED_FOR_IPHONE_IPAD = NO;
				SWIFT_EMIT_LOC_STRINGS = NO;
				SWIFT_VERSION = 5.0;
				TARGETED_DEVICE_FAMILY = "1,2";
				VALIDATE_PRODUCT = YES;
			};
			name = Release;
		};
/* End XCBuildConfiguration section */

/* Begin XCConfigurationList section */
		AC255CFD2A98119C007D38F0 /* Build configuration list for PBXNativeTarget "EssentialFeedCacheIntegrationTests" */ = {
			isa = XCConfigurationList;
			buildConfigurations = (
				AC255CFB2A98119C007D38F0 /* Debug */,
				AC255CFC2A98119C007D38F0 /* Release */,
			);
			defaultConfigurationIsVisible = 0;
			defaultConfigurationName = Release;
		};
		AC5327342A3B859300C127BB /* Build configuration list for PBXNativeTarget "EssentialFeedAPIEndToEndTests" */ = {
			isa = XCConfigurationList;
			buildConfigurations = (
				AC5327352A3B859300C127BB /* Debug */,
				AC5327362A3B859300C127BB /* Release */,
			);
			defaultConfigurationIsVisible = 0;
			defaultConfigurationName = Release;
		};
		AC8A42542A295E4200D1CC84 /* Build configuration list for PBXProject "EssentialFeed" */ = {
			isa = XCConfigurationList;
			buildConfigurations = (
				AC8A426C2A295E4200D1CC84 /* Debug */,
				AC8A426D2A295E4200D1CC84 /* Release */,
			);
			defaultConfigurationIsVisible = 0;
			defaultConfigurationName = Release;
		};
		AC8A426E2A295E4200D1CC84 /* Build configuration list for PBXNativeTarget "EssentialFeed" */ = {
			isa = XCConfigurationList;
			buildConfigurations = (
				AC8A426F2A295E4200D1CC84 /* Debug */,
				AC8A42702A295E4200D1CC84 /* Release */,
			);
			defaultConfigurationIsVisible = 0;
			defaultConfigurationName = Release;
		};
		AC8A42712A295E4200D1CC84 /* Build configuration list for PBXNativeTarget "EssentialFeedTests" */ = {
			isa = XCConfigurationList;
			buildConfigurations = (
				AC8A42722A295E4200D1CC84 /* Debug */,
				AC8A42732A295E4200D1CC84 /* Release */,
			);
			defaultConfigurationIsVisible = 0;
			defaultConfigurationName = Release;
		};
		ACC291742AB8FD9200CFE54D /* Build configuration list for PBXNativeTarget "EssentialFeediOS" */ = {
			isa = XCConfigurationList;
			buildConfigurations = (
				ACC291702AB8FD9200CFE54D /* Debug */,
				ACC291712AB8FD9200CFE54D /* Release */,
			);
			defaultConfigurationIsVisible = 0;
			defaultConfigurationName = Release;
		};
		ACC291752AB8FD9200CFE54D /* Build configuration list for PBXNativeTarget "EssentialFeediOSTests" */ = {
			isa = XCConfigurationList;
			buildConfigurations = (
				ACC291722AB8FD9200CFE54D /* Debug */,
				ACC291732AB8FD9200CFE54D /* Release */,
			);
			defaultConfigurationIsVisible = 0;
			defaultConfigurationName = Release;
		};
/* End XCConfigurationList section */

/* Begin XCVersionGroup section */
		ACFA8FB32A7476C5008F63B4 /* FeedStore.xcdatamodeld */ = {
			isa = XCVersionGroup;
			children = (
				ACFA8FB42A7476C5008F63B4 /* ManagedCache.xcdatamodel */,
			);
			currentVersion = ACFA8FB42A7476C5008F63B4 /* ManagedCache.xcdatamodel */;
			path = FeedStore.xcdatamodeld;
			sourceTree = "<group>";
			versionGroupType = wrapper.xcdatamodel;
		};
/* End XCVersionGroup section */
	};
	rootObject = AC8A42512A295E4200D1CC84 /* Project object */;
}
