// !$*UTF8*$!
{
	archiveVersion = 1;
	classes = {
	};
	objectVersion = 56;
	objects = {

/* Begin PBXBuildFile section */
		AC24A8EA2C62C98E007C7855 /* AppDelegate.swift in Sources */ = {isa = PBXBuildFile; fileRef = AC24A8E92C62C98E007C7855 /* AppDelegate.swift */; };
		AC24A8EC2C62C98E007C7855 /* SceneDelegate.swift in Sources */ = {isa = PBXBuildFile; fileRef = AC24A8EB2C62C98E007C7855 /* SceneDelegate.swift */; };
		AC24A8EE2C62C98E007C7855 /* ViewController.swift in Sources */ = {isa = PBXBuildFile; fileRef = AC24A8ED2C62C98E007C7855 /* ViewController.swift */; };
		AC24A8F12C62C98E007C7855 /* Main.storyboard in Resources */ = {isa = PBXBuildFile; fileRef = AC24A8EF2C62C98E007C7855 /* Main.storyboard */; };
		AC24A8F32C62C98F007C7855 /* Assets.xcassets in Resources */ = {isa = PBXBuildFile; fileRef = AC24A8F22C62C98F007C7855 /* Assets.xcassets */; };
		AC24A8F62C62C98F007C7855 /* LaunchScreen.storyboard in Resources */ = {isa = PBXBuildFile; fileRef = AC24A8F42C62C98F007C7855 /* LaunchScreen.storyboard */; };
		AC24A9012C62C98F007C7855 /* EssentialAppTests.swift in Sources */ = {isa = PBXBuildFile; fileRef = AC24A9002C62C98F007C7855 /* EssentialAppTests.swift */; };
		AC24A90B2C62C98F007C7855 /* EssentialAppUITests.swift in Sources */ = {isa = PBXBuildFile; fileRef = AC24A90A2C62C98F007C7855 /* EssentialAppUITests.swift */; };
		AC24A90D2C62C98F007C7855 /* EssentialAppUITestsLaunchTests.swift in Sources */ = {isa = PBXBuildFile; fileRef = AC24A90C2C62C98F007C7855 /* EssentialAppUITestsLaunchTests.swift */; };
		AC24A94B2C62CE93007C7855 /* EssentialFeed.framework in Frameworks */ = {isa = PBXBuildFile; fileRef = AC24A9232C62CE2C007C7855 /* EssentialFeed.framework */; };
		AC24A94C2C62CE93007C7855 /* EssentialFeed.framework in Embed Frameworks */ = {isa = PBXBuildFile; fileRef = AC24A9232C62CE2C007C7855 /* EssentialFeed.framework */; settings = {ATTRIBUTES = (CodeSignOnCopy, RemoveHeadersOnCopy, ); }; };
		AC24A94D2C62CE93007C7855 /* EssentialFeediOS.framework in Frameworks */ = {isa = PBXBuildFile; fileRef = AC24A92B2C62CE2C007C7855 /* EssentialFeediOS.framework */; };
		AC24A94E2C62CE93007C7855 /* EssentialFeediOS.framework in Embed Frameworks */ = {isa = PBXBuildFile; fileRef = AC24A92B2C62CE2C007C7855 /* EssentialFeediOS.framework */; settings = {ATTRIBUTES = (CodeSignOnCopy, RemoveHeadersOnCopy, ); }; };
/* End PBXBuildFile section */

/* Begin PBXContainerItemProxy section */
		AC24A8FD2C62C98F007C7855 /* PBXContainerItemProxy */ = {
			isa = PBXContainerItemProxy;
			containerPortal = AC24A8DE2C62C98E007C7855 /* Project object */;
			proxyType = 1;
			remoteGlobalIDString = AC24A8E52C62C98E007C7855;
			remoteInfo = EssentialApp;
		};
		AC24A9072C62C98F007C7855 /* PBXContainerItemProxy */ = {
			isa = PBXContainerItemProxy;
			containerPortal = AC24A8DE2C62C98E007C7855 /* Project object */;
			proxyType = 1;
			remoteGlobalIDString = AC24A8E52C62C98E007C7855;
			remoteInfo = EssentialApp;
		};
		AC24A9222C62CE2C007C7855 /* PBXContainerItemProxy */ = {
			isa = PBXContainerItemProxy;
			containerPortal = AC24A9192C62CE2C007C7855 /* EssentialFeed.xcodeproj */;
			proxyType = 2;
			remoteGlobalIDString = AC8A425A2A295E4200D1CC84;
			remoteInfo = EssentialFeed;
		};
		AC24A9242C62CE2C007C7855 /* PBXContainerItemProxy */ = {
			isa = PBXContainerItemProxy;
			containerPortal = AC24A9192C62CE2C007C7855 /* EssentialFeed.xcodeproj */;
			proxyType = 2;
			remoteGlobalIDString = AC8A42642A295E4200D1CC84;
			remoteInfo = EssentialFeedTests;
		};
		AC24A9262C62CE2C007C7855 /* PBXContainerItemProxy */ = {
			isa = PBXContainerItemProxy;
			containerPortal = AC24A9192C62CE2C007C7855 /* EssentialFeed.xcodeproj */;
			proxyType = 2;
			remoteGlobalIDString = AC53272D2A3B859300C127BB;
			remoteInfo = EssentialFeedAPIEndToEndTests;
		};
		AC24A9282C62CE2C007C7855 /* PBXContainerItemProxy */ = {
			isa = PBXContainerItemProxy;
			containerPortal = AC24A9192C62CE2C007C7855 /* EssentialFeed.xcodeproj */;
			proxyType = 2;
			remoteGlobalIDString = AC255CF42A98119C007D38F0;
			remoteInfo = EssentialFeedCacheIntegrationTests;
		};
		AC24A92A2C62CE2C007C7855 /* PBXContainerItemProxy */ = {
			isa = PBXContainerItemProxy;
			containerPortal = AC24A9192C62CE2C007C7855 /* EssentialFeed.xcodeproj */;
			proxyType = 2;
			remoteGlobalIDString = ACC2915F2AB8FD9200CFE54D;
			remoteInfo = EssentialFeediOS;
		};
		AC24A92C2C62CE2C007C7855 /* PBXContainerItemProxy */ = {
			isa = PBXContainerItemProxy;
			containerPortal = AC24A9192C62CE2C007C7855 /* EssentialFeed.xcodeproj */;
			proxyType = 2;
			remoteGlobalIDString = ACC291682AB8FD9200CFE54D;
			remoteInfo = EssentialFeediOSTests;
		};
		AC24A93E2C62CE76007C7855 /* PBXContainerItemProxy */ = {
			isa = PBXContainerItemProxy;
			containerPortal = AC24A92F2C62CE76007C7855 /* EssentialFeed.xcodeproj */;
			proxyType = 2;
			remoteGlobalIDString = AC8A425A2A295E4200D1CC84;
			remoteInfo = EssentialFeed;
		};
		AC24A9402C62CE76007C7855 /* PBXContainerItemProxy */ = {
			isa = PBXContainerItemProxy;
			containerPortal = AC24A92F2C62CE76007C7855 /* EssentialFeed.xcodeproj */;
			proxyType = 2;
			remoteGlobalIDString = AC8A42642A295E4200D1CC84;
			remoteInfo = EssentialFeedTests;
		};
		AC24A9422C62CE76007C7855 /* PBXContainerItemProxy */ = {
			isa = PBXContainerItemProxy;
			containerPortal = AC24A92F2C62CE76007C7855 /* EssentialFeed.xcodeproj */;
			proxyType = 2;
			remoteGlobalIDString = AC53272D2A3B859300C127BB;
			remoteInfo = EssentialFeedAPIEndToEndTests;
		};
		AC24A9442C62CE76007C7855 /* PBXContainerItemProxy */ = {
			isa = PBXContainerItemProxy;
			containerPortal = AC24A92F2C62CE76007C7855 /* EssentialFeed.xcodeproj */;
			proxyType = 2;
			remoteGlobalIDString = AC255CF42A98119C007D38F0;
			remoteInfo = EssentialFeedCacheIntegrationTests;
		};
		AC24A9462C62CE76007C7855 /* PBXContainerItemProxy */ = {
			isa = PBXContainerItemProxy;
			containerPortal = AC24A92F2C62CE76007C7855 /* EssentialFeed.xcodeproj */;
			proxyType = 2;
			remoteGlobalIDString = ACC2915F2AB8FD9200CFE54D;
			remoteInfo = EssentialFeediOS;
		};
		AC24A9482C62CE76007C7855 /* PBXContainerItemProxy */ = {
			isa = PBXContainerItemProxy;
			containerPortal = AC24A92F2C62CE76007C7855 /* EssentialFeed.xcodeproj */;
			proxyType = 2;
			remoteGlobalIDString = ACC291682AB8FD9200CFE54D;
			remoteInfo = EssentialFeediOSTests;
		};
/* End PBXContainerItemProxy section */

/* Begin PBXCopyFilesBuildPhase section */
		AC24A94F2C62CE93007C7855 /* Embed Frameworks */ = {
			isa = PBXCopyFilesBuildPhase;
			buildActionMask = 2147483647;
			dstPath = "";
			dstSubfolderSpec = 10;
			files = (
				AC24A94C2C62CE93007C7855 /* EssentialFeed.framework in Embed Frameworks */,
				AC24A94E2C62CE93007C7855 /* EssentialFeediOS.framework in Embed Frameworks */,
			);
			name = "Embed Frameworks";
			runOnlyForDeploymentPostprocessing = 0;
		};
/* End PBXCopyFilesBuildPhase section */

/* Begin PBXFileReference section */
		AC24A8E62C62C98E007C7855 /* EssentialApp.app */ = {isa = PBXFileReference; explicitFileType = wrapper.application; includeInIndex = 0; path = EssentialApp.app; sourceTree = BUILT_PRODUCTS_DIR; };
		AC24A8E92C62C98E007C7855 /* AppDelegate.swift */ = {isa = PBXFileReference; lastKnownFileType = sourcecode.swift; path = AppDelegate.swift; sourceTree = "<group>"; };
		AC24A8EB2C62C98E007C7855 /* SceneDelegate.swift */ = {isa = PBXFileReference; lastKnownFileType = sourcecode.swift; path = SceneDelegate.swift; sourceTree = "<group>"; };
		AC24A8ED2C62C98E007C7855 /* ViewController.swift */ = {isa = PBXFileReference; lastKnownFileType = sourcecode.swift; path = ViewController.swift; sourceTree = "<group>"; };
		AC24A8F02C62C98E007C7855 /* Base */ = {isa = PBXFileReference; lastKnownFileType = file.storyboard; name = Base; path = Base.lproj/Main.storyboard; sourceTree = "<group>"; };
		AC24A8F22C62C98F007C7855 /* Assets.xcassets */ = {isa = PBXFileReference; lastKnownFileType = folder.assetcatalog; path = Assets.xcassets; sourceTree = "<group>"; };
		AC24A8F52C62C98F007C7855 /* Base */ = {isa = PBXFileReference; lastKnownFileType = file.storyboard; name = Base; path = Base.lproj/LaunchScreen.storyboard; sourceTree = "<group>"; };
		AC24A8F72C62C98F007C7855 /* Info.plist */ = {isa = PBXFileReference; lastKnownFileType = text.plist.xml; path = Info.plist; sourceTree = "<group>"; };
		AC24A8FC2C62C98F007C7855 /* EssentialAppTests.xctest */ = {isa = PBXFileReference; explicitFileType = wrapper.cfbundle; includeInIndex = 0; path = EssentialAppTests.xctest; sourceTree = BUILT_PRODUCTS_DIR; };
		AC24A9002C62C98F007C7855 /* EssentialAppTests.swift */ = {isa = PBXFileReference; lastKnownFileType = sourcecode.swift; path = EssentialAppTests.swift; sourceTree = "<group>"; };
		AC24A9062C62C98F007C7855 /* EssentialAppUITests.xctest */ = {isa = PBXFileReference; explicitFileType = wrapper.cfbundle; includeInIndex = 0; path = EssentialAppUITests.xctest; sourceTree = BUILT_PRODUCTS_DIR; };
		AC24A90A2C62C98F007C7855 /* EssentialAppUITests.swift */ = {isa = PBXFileReference; lastKnownFileType = sourcecode.swift; path = EssentialAppUITests.swift; sourceTree = "<group>"; };
		AC24A90C2C62C98F007C7855 /* EssentialAppUITestsLaunchTests.swift */ = {isa = PBXFileReference; lastKnownFileType = sourcecode.swift; path = EssentialAppUITestsLaunchTests.swift; sourceTree = "<group>"; };
		AC24A9192C62CE2C007C7855 /* EssentialFeed.xcodeproj */ = {isa = PBXFileReference; lastKnownFileType = "wrapper.pb-project"; name = EssentialFeed.xcodeproj; path = ../../../EssentialFeed/EssentialFeed.xcodeproj; sourceTree = "<group>"; };
		AC24A92F2C62CE76007C7855 /* EssentialFeed.xcodeproj */ = {isa = PBXFileReference; lastKnownFileType = "wrapper.pb-project"; name = EssentialFeed.xcodeproj; path = ../../EssentialFeed/EssentialFeed.xcodeproj; sourceTree = "<group>"; };
/* End PBXFileReference section */

/* Begin PBXFrameworksBuildPhase section */
		AC24A8E32C62C98E007C7855 /* Frameworks */ = {
			isa = PBXFrameworksBuildPhase;
			buildActionMask = 2147483647;
			files = (
				AC24A94B2C62CE93007C7855 /* EssentialFeed.framework in Frameworks */,
				AC24A94D2C62CE93007C7855 /* EssentialFeediOS.framework in Frameworks */,
			);
			runOnlyForDeploymentPostprocessing = 0;
		};
		AC24A8F92C62C98F007C7855 /* Frameworks */ = {
			isa = PBXFrameworksBuildPhase;
			buildActionMask = 2147483647;
			files = (
			);
			runOnlyForDeploymentPostprocessing = 0;
		};
		AC24A9032C62C98F007C7855 /* Frameworks */ = {
			isa = PBXFrameworksBuildPhase;
			buildActionMask = 2147483647;
			files = (
			);
			runOnlyForDeploymentPostprocessing = 0;
		};
/* End PBXFrameworksBuildPhase section */

/* Begin PBXGroup section */
		AC24A8DD2C62C98E007C7855 = {
			isa = PBXGroup;
			children = (
				AC24A8E82C62C98E007C7855 /* EssentialApp */,
				AC24A8FF2C62C98F007C7855 /* EssentialAppTests */,
				AC24A9092C62C98F007C7855 /* EssentialAppUITests */,
				AC24A92F2C62CE76007C7855 /* EssentialFeed.xcodeproj */,
				AC24A8E72C62C98E007C7855 /* Products */,
				AC24A94A2C62CE93007C7855 /* Frameworks */,
			);
			sourceTree = "<group>";
		};
		AC24A8E72C62C98E007C7855 /* Products */ = {
			isa = PBXGroup;
			children = (
				AC24A8E62C62C98E007C7855 /* EssentialApp.app */,
				AC24A8FC2C62C98F007C7855 /* EssentialAppTests.xctest */,
				AC24A9062C62C98F007C7855 /* EssentialAppUITests.xctest */,
			);
			name = Products;
			sourceTree = "<group>";
		};
		AC24A8E82C62C98E007C7855 /* EssentialApp */ = {
			isa = PBXGroup;
			children = (
				AC24A8E92C62C98E007C7855 /* AppDelegate.swift */,
				AC24A8EB2C62C98E007C7855 /* SceneDelegate.swift */,
				AC24A8ED2C62C98E007C7855 /* ViewController.swift */,
				AC24A8EF2C62C98E007C7855 /* Main.storyboard */,
				AC24A8F22C62C98F007C7855 /* Assets.xcassets */,
				AC24A8F42C62C98F007C7855 /* LaunchScreen.storyboard */,
				AC24A8F72C62C98F007C7855 /* Info.plist */,
			);
			path = EssentialApp;
			sourceTree = "<group>";
		};
		AC24A8FF2C62C98F007C7855 /* EssentialAppTests */ = {
			isa = PBXGroup;
			children = (
				AC24A9002C62C98F007C7855 /* EssentialAppTests.swift */,
			);
			path = EssentialAppTests;
			sourceTree = "<group>";
		};
		AC24A9092C62C98F007C7855 /* EssentialAppUITests */ = {
			isa = PBXGroup;
			children = (
				AC24A90A2C62C98F007C7855 /* EssentialAppUITests.swift */,
				AC24A90C2C62C98F007C7855 /* EssentialAppUITestsLaunchTests.swift */,
				AC24A9192C62CE2C007C7855 /* EssentialFeed.xcodeproj */,
			);
			path = EssentialAppUITests;
			sourceTree = "<group>";
		};
		AC24A91A2C62CE2C007C7855 /* Products */ = {
			isa = PBXGroup;
			children = (
				AC24A9232C62CE2C007C7855 /* EssentialFeed.framework */,
				AC24A9252C62CE2C007C7855 /* EssentialFeedTests.xctest */,
				AC24A9272C62CE2C007C7855 /* EssentialFeedAPIEndToEndTests.xctest */,
				AC24A9292C62CE2C007C7855 /* EssentialFeedCacheIntegrationTests.xctest */,
				AC24A92B2C62CE2C007C7855 /* EssentialFeediOS.framework */,
				AC24A92D2C62CE2C007C7855 /* EssentialFeediOSTests.xctest */,
			);
			name = Products;
			sourceTree = "<group>";
		};
		AC24A9302C62CE76007C7855 /* Products */ = {
			isa = PBXGroup;
			children = (
				AC24A93F2C62CE76007C7855 /* EssentialFeed.framework */,
				AC24A9412C62CE76007C7855 /* EssentialFeedTests.xctest */,
				AC24A9432C62CE76007C7855 /* EssentialFeedAPIEndToEndTests.xctest */,
				AC24A9452C62CE76007C7855 /* EssentialFeedCacheIntegrationTests.xctest */,
				AC24A9472C62CE76007C7855 /* EssentialFeediOS.framework */,
				AC24A9492C62CE76007C7855 /* EssentialFeediOSTests.xctest */,
			);
			name = Products;
			sourceTree = "<group>";
		};
		AC24A94A2C62CE93007C7855 /* Frameworks */ = {
			isa = PBXGroup;
			children = (
			);
			name = Frameworks;
			sourceTree = "<group>";
		};
/* End PBXGroup section */

/* Begin PBXNativeTarget section */
		AC24A8E52C62C98E007C7855 /* EssentialApp */ = {
			isa = PBXNativeTarget;
			buildConfigurationList = AC24A9102C62C98F007C7855 /* Build configuration list for PBXNativeTarget "EssentialApp" */;
			buildPhases = (
				AC24A8E22C62C98E007C7855 /* Sources */,
				AC24A8E32C62C98E007C7855 /* Frameworks */,
				AC24A8E42C62C98E007C7855 /* Resources */,
				AC24A94F2C62CE93007C7855 /* Embed Frameworks */,
			);
			buildRules = (
			);
			dependencies = (
			);
			name = EssentialApp;
			productName = EssentialApp;
			productReference = AC24A8E62C62C98E007C7855 /* EssentialApp.app */;
			productType = "com.apple.product-type.application";
		};
		AC24A8FB2C62C98F007C7855 /* EssentialAppTests */ = {
			isa = PBXNativeTarget;
			buildConfigurationList = AC24A9132C62C98F007C7855 /* Build configuration list for PBXNativeTarget "EssentialAppTests" */;
			buildPhases = (
				AC24A8F82C62C98F007C7855 /* Sources */,
				AC24A8F92C62C98F007C7855 /* Frameworks */,
				AC24A8FA2C62C98F007C7855 /* Resources */,
			);
			buildRules = (
			);
			dependencies = (
				AC24A8FE2C62C98F007C7855 /* PBXTargetDependency */,
			);
			name = EssentialAppTests;
			productName = EssentialAppTests;
			productReference = AC24A8FC2C62C98F007C7855 /* EssentialAppTests.xctest */;
			productType = "com.apple.product-type.bundle.unit-test";
		};
		AC24A9052C62C98F007C7855 /* EssentialAppUITests */ = {
			isa = PBXNativeTarget;
			buildConfigurationList = AC24A9162C62C98F007C7855 /* Build configuration list for PBXNativeTarget "EssentialAppUITests" */;
			buildPhases = (
				AC24A9022C62C98F007C7855 /* Sources */,
				AC24A9032C62C98F007C7855 /* Frameworks */,
				AC24A9042C62C98F007C7855 /* Resources */,
			);
			buildRules = (
			);
			dependencies = (
				AC24A9082C62C98F007C7855 /* PBXTargetDependency */,
			);
			name = EssentialAppUITests;
			productName = EssentialAppUITests;
			productReference = AC24A9062C62C98F007C7855 /* EssentialAppUITests.xctest */;
			productType = "com.apple.product-type.bundle.ui-testing";
		};
/* End PBXNativeTarget section */

/* Begin PBXProject section */
		AC24A8DE2C62C98E007C7855 /* Project object */ = {
			isa = PBXProject;
			attributes = {
				BuildIndependentTargetsInParallel = 1;
				LastSwiftUpdateCheck = 1520;
				LastUpgradeCheck = 1520;
				TargetAttributes = {
					AC24A8E52C62C98E007C7855 = {
						CreatedOnToolsVersion = 15.2;
					};
					AC24A8FB2C62C98F007C7855 = {
						CreatedOnToolsVersion = 15.2;
						TestTargetID = AC24A8E52C62C98E007C7855;
					};
					AC24A9052C62C98F007C7855 = {
						CreatedOnToolsVersion = 15.2;
						TestTargetID = AC24A8E52C62C98E007C7855;
					};
				};
			};
			buildConfigurationList = AC24A8E12C62C98E007C7855 /* Build configuration list for PBXProject "EssentialApp" */;
			compatibilityVersion = "Xcode 14.0";
			developmentRegion = en;
			hasScannedForEncodings = 0;
			knownRegions = (
				en,
				Base,
			);
			mainGroup = AC24A8DD2C62C98E007C7855;
			productRefGroup = AC24A8E72C62C98E007C7855 /* Products */;
			projectDirPath = "";
			projectReferences = (
				{
					ProductGroup = AC24A91A2C62CE2C007C7855 /* Products */;
					ProjectRef = AC24A9192C62CE2C007C7855 /* EssentialFeed.xcodeproj */;
				},
				{
					ProductGroup = AC24A9302C62CE76007C7855 /* Products */;
					ProjectRef = AC24A92F2C62CE76007C7855 /* EssentialFeed.xcodeproj */;
				},
			);
			projectRoot = "";
			targets = (
				AC24A8E52C62C98E007C7855 /* EssentialApp */,
				AC24A8FB2C62C98F007C7855 /* EssentialAppTests */,
				AC24A9052C62C98F007C7855 /* EssentialAppUITests */,
			);
		};
/* End PBXProject section */

/* Begin PBXReferenceProxy section */
		AC24A9232C62CE2C007C7855 /* EssentialFeed.framework */ = {
			isa = PBXReferenceProxy;
			fileType = wrapper.framework;
			path = EssentialFeed.framework;
			remoteRef = AC24A9222C62CE2C007C7855 /* PBXContainerItemProxy */;
			sourceTree = BUILT_PRODUCTS_DIR;
		};
		AC24A9252C62CE2C007C7855 /* EssentialFeedTests.xctest */ = {
			isa = PBXReferenceProxy;
			fileType = wrapper.cfbundle;
			path = EssentialFeedTests.xctest;
			remoteRef = AC24A9242C62CE2C007C7855 /* PBXContainerItemProxy */;
			sourceTree = BUILT_PRODUCTS_DIR;
		};
		AC24A9272C62CE2C007C7855 /* EssentialFeedAPIEndToEndTests.xctest */ = {
			isa = PBXReferenceProxy;
			fileType = wrapper.cfbundle;
			path = EssentialFeedAPIEndToEndTests.xctest;
			remoteRef = AC24A9262C62CE2C007C7855 /* PBXContainerItemProxy */;
			sourceTree = BUILT_PRODUCTS_DIR;
		};
		AC24A9292C62CE2C007C7855 /* EssentialFeedCacheIntegrationTests.xctest */ = {
			isa = PBXReferenceProxy;
			fileType = wrapper.cfbundle;
			path = EssentialFeedCacheIntegrationTests.xctest;
			remoteRef = AC24A9282C62CE2C007C7855 /* PBXContainerItemProxy */;
			sourceTree = BUILT_PRODUCTS_DIR;
		};
		AC24A92B2C62CE2C007C7855 /* EssentialFeediOS.framework */ = {
			isa = PBXReferenceProxy;
			fileType = wrapper.framework;
			path = EssentialFeediOS.framework;
			remoteRef = AC24A92A2C62CE2C007C7855 /* PBXContainerItemProxy */;
			sourceTree = BUILT_PRODUCTS_DIR;
		};
		AC24A92D2C62CE2C007C7855 /* EssentialFeediOSTests.xctest */ = {
			isa = PBXReferenceProxy;
			fileType = wrapper.cfbundle;
			path = EssentialFeediOSTests.xctest;
			remoteRef = AC24A92C2C62CE2C007C7855 /* PBXContainerItemProxy */;
			sourceTree = BUILT_PRODUCTS_DIR;
		};
		AC24A93F2C62CE76007C7855 /* EssentialFeed.framework */ = {
			isa = PBXReferenceProxy;
			fileType = wrapper.framework;
			path = EssentialFeed.framework;
			remoteRef = AC24A93E2C62CE76007C7855 /* PBXContainerItemProxy */;
			sourceTree = BUILT_PRODUCTS_DIR;
		};
		AC24A9412C62CE76007C7855 /* EssentialFeedTests.xctest */ = {
			isa = PBXReferenceProxy;
			fileType = wrapper.cfbundle;
			path = EssentialFeedTests.xctest;
			remoteRef = AC24A9402C62CE76007C7855 /* PBXContainerItemProxy */;
			sourceTree = BUILT_PRODUCTS_DIR;
		};
		AC24A9432C62CE76007C7855 /* EssentialFeedAPIEndToEndTests.xctest */ = {
			isa = PBXReferenceProxy;
			fileType = wrapper.cfbundle;
			path = EssentialFeedAPIEndToEndTests.xctest;
			remoteRef = AC24A9422C62CE76007C7855 /* PBXContainerItemProxy */;
			sourceTree = BUILT_PRODUCTS_DIR;
		};
		AC24A9452C62CE76007C7855 /* EssentialFeedCacheIntegrationTests.xctest */ = {
			isa = PBXReferenceProxy;
			fileType = wrapper.cfbundle;
			path = EssentialFeedCacheIntegrationTests.xctest;
			remoteRef = AC24A9442C62CE76007C7855 /* PBXContainerItemProxy */;
			sourceTree = BUILT_PRODUCTS_DIR;
		};
		AC24A9472C62CE76007C7855 /* EssentialFeediOS.framework */ = {
			isa = PBXReferenceProxy;
			fileType = wrapper.framework;
			path = EssentialFeediOS.framework;
			remoteRef = AC24A9462C62CE76007C7855 /* PBXContainerItemProxy */;
			sourceTree = BUILT_PRODUCTS_DIR;
		};
		AC24A9492C62CE76007C7855 /* EssentialFeediOSTests.xctest */ = {
			isa = PBXReferenceProxy;
			fileType = wrapper.cfbundle;
			path = EssentialFeediOSTests.xctest;
			remoteRef = AC24A9482C62CE76007C7855 /* PBXContainerItemProxy */;
			sourceTree = BUILT_PRODUCTS_DIR;
		};
/* End PBXReferenceProxy section */

/* Begin PBXResourcesBuildPhase section */
		AC24A8E42C62C98E007C7855 /* Resources */ = {
			isa = PBXResourcesBuildPhase;
			buildActionMask = 2147483647;
			files = (
				AC24A8F62C62C98F007C7855 /* LaunchScreen.storyboard in Resources */,
				AC24A8F32C62C98F007C7855 /* Assets.xcassets in Resources */,
				AC24A8F12C62C98E007C7855 /* Main.storyboard in Resources */,
			);
			runOnlyForDeploymentPostprocessing = 0;
		};
		AC24A8FA2C62C98F007C7855 /* Resources */ = {
			isa = PBXResourcesBuildPhase;
			buildActionMask = 2147483647;
			files = (
			);
			runOnlyForDeploymentPostprocessing = 0;
		};
		AC24A9042C62C98F007C7855 /* Resources */ = {
			isa = PBXResourcesBuildPhase;
			buildActionMask = 2147483647;
			files = (
			);
			runOnlyForDeploymentPostprocessing = 0;
		};
/* End PBXResourcesBuildPhase section */

/* Begin PBXSourcesBuildPhase section */
		AC24A8E22C62C98E007C7855 /* Sources */ = {
			isa = PBXSourcesBuildPhase;
			buildActionMask = 2147483647;
			files = (
				AC24A8EE2C62C98E007C7855 /* ViewController.swift in Sources */,
				AC24A8EA2C62C98E007C7855 /* AppDelegate.swift in Sources */,
				AC24A8EC2C62C98E007C7855 /* SceneDelegate.swift in Sources */,
			);
			runOnlyForDeploymentPostprocessing = 0;
		};
		AC24A8F82C62C98F007C7855 /* Sources */ = {
			isa = PBXSourcesBuildPhase;
			buildActionMask = 2147483647;
			files = (
				AC24A9012C62C98F007C7855 /* EssentialAppTests.swift in Sources */,
			);
			runOnlyForDeploymentPostprocessing = 0;
		};
		AC24A9022C62C98F007C7855 /* Sources */ = {
			isa = PBXSourcesBuildPhase;
			buildActionMask = 2147483647;
			files = (
				AC24A90B2C62C98F007C7855 /* EssentialAppUITests.swift in Sources */,
				AC24A90D2C62C98F007C7855 /* EssentialAppUITestsLaunchTests.swift in Sources */,
			);
			runOnlyForDeploymentPostprocessing = 0;
		};
/* End PBXSourcesBuildPhase section */

/* Begin PBXTargetDependency section */
		AC24A8FE2C62C98F007C7855 /* PBXTargetDependency */ = {
			isa = PBXTargetDependency;
			target = AC24A8E52C62C98E007C7855 /* EssentialApp */;
			targetProxy = AC24A8FD2C62C98F007C7855 /* PBXContainerItemProxy */;
		};
		AC24A9082C62C98F007C7855 /* PBXTargetDependency */ = {
			isa = PBXTargetDependency;
			target = AC24A8E52C62C98E007C7855 /* EssentialApp */;
			targetProxy = AC24A9072C62C98F007C7855 /* PBXContainerItemProxy */;
		};
/* End PBXTargetDependency section */

/* Begin PBXVariantGroup section */
		AC24A8EF2C62C98E007C7855 /* Main.storyboard */ = {
			isa = PBXVariantGroup;
			children = (
				AC24A8F02C62C98E007C7855 /* Base */,
			);
			name = Main.storyboard;
			sourceTree = "<group>";
		};
		AC24A8F42C62C98F007C7855 /* LaunchScreen.storyboard */ = {
			isa = PBXVariantGroup;
			children = (
				AC24A8F52C62C98F007C7855 /* Base */,
			);
			name = LaunchScreen.storyboard;
			sourceTree = "<group>";
		};
/* End PBXVariantGroup section */

/* Begin XCBuildConfiguration section */
		AC24A90E2C62C98F007C7855 /* Debug */ = {
			isa = XCBuildConfiguration;
			buildSettings = {
				ALWAYS_SEARCH_USER_PATHS = NO;
				ASSETCATALOG_COMPILER_GENERATE_SWIFT_ASSET_SYMBOL_EXTENSIONS = YES;
				CLANG_ANALYZER_NONNULL = YES;
				CLANG_ANALYZER_NUMBER_OBJECT_CONVERSION = YES_AGGRESSIVE;
				CLANG_CXX_LANGUAGE_STANDARD = "gnu++20";
				CLANG_ENABLE_MODULES = YES;
				CLANG_ENABLE_OBJC_ARC = YES;
				CLANG_ENABLE_OBJC_WEAK = YES;
				CLANG_WARN_BLOCK_CAPTURE_AUTORELEASING = YES;
				CLANG_WARN_BOOL_CONVERSION = YES;
				CLANG_WARN_COMMA = YES;
				CLANG_WARN_CONSTANT_CONVERSION = YES;
				CLANG_WARN_DEPRECATED_OBJC_IMPLEMENTATIONS = YES;
				CLANG_WARN_DIRECT_OBJC_ISA_USAGE = YES_ERROR;
				CLANG_WARN_DOCUMENTATION_COMMENTS = YES;
				CLANG_WARN_EMPTY_BODY = YES;
				CLANG_WARN_ENUM_CONVERSION = YES;
				CLANG_WARN_INFINITE_RECURSION = YES;
				CLANG_WARN_INT_CONVERSION = YES;
				CLANG_WARN_NON_LITERAL_NULL_CONVERSION = YES;
				CLANG_WARN_OBJC_IMPLICIT_RETAIN_SELF = YES;
				CLANG_WARN_OBJC_LITERAL_CONVERSION = YES;
				CLANG_WARN_OBJC_ROOT_CLASS = YES_ERROR;
				CLANG_WARN_QUOTED_INCLUDE_IN_FRAMEWORK_HEADER = YES;
				CLANG_WARN_RANGE_LOOP_ANALYSIS = YES;
				CLANG_WARN_STRICT_PROTOTYPES = YES;
				CLANG_WARN_SUSPICIOUS_MOVE = YES;
				CLANG_WARN_UNGUARDED_AVAILABILITY = YES_AGGRESSIVE;
				CLANG_WARN_UNREACHABLE_CODE = YES;
				CLANG_WARN__DUPLICATE_METHOD_MATCH = YES;
				COPY_PHASE_STRIP = NO;
				DEBUG_INFORMATION_FORMAT = dwarf;
				ENABLE_STRICT_OBJC_MSGSEND = YES;
				ENABLE_TESTABILITY = YES;
				ENABLE_USER_SCRIPT_SANDBOXING = YES;
				GCC_C_LANGUAGE_STANDARD = gnu17;
				GCC_DYNAMIC_NO_PIC = NO;
				GCC_NO_COMMON_BLOCKS = YES;
				GCC_OPTIMIZATION_LEVEL = 0;
				GCC_PREPROCESSOR_DEFINITIONS = (
					"DEBUG=1",
					"$(inherited)",
				);
				GCC_WARN_64_TO_32_BIT_CONVERSION = YES;
				GCC_WARN_ABOUT_RETURN_TYPE = YES_ERROR;
				GCC_WARN_UNDECLARED_SELECTOR = YES;
				GCC_WARN_UNINITIALIZED_AUTOS = YES_AGGRESSIVE;
				GCC_WARN_UNUSED_FUNCTION = YES;
				GCC_WARN_UNUSED_VARIABLE = YES;
				IPHONEOS_DEPLOYMENT_TARGET = 17.2;
				LOCALIZATION_PREFERS_STRING_CATALOGS = YES;
				MTL_ENABLE_DEBUG_INFO = INCLUDE_SOURCE;
				MTL_FAST_MATH = YES;
				ONLY_ACTIVE_ARCH = YES;
				SDKROOT = iphoneos;
				SWIFT_ACTIVE_COMPILATION_CONDITIONS = "DEBUG $(inherited)";
				SWIFT_OPTIMIZATION_LEVEL = "-Onone";
			};
			name = Debug;
		};
		AC24A90F2C62C98F007C7855 /* Release */ = {
			isa = XCBuildConfiguration;
			buildSettings = {
				ALWAYS_SEARCH_USER_PATHS = NO;
				ASSETCATALOG_COMPILER_GENERATE_SWIFT_ASSET_SYMBOL_EXTENSIONS = YES;
				CLANG_ANALYZER_NONNULL = YES;
				CLANG_ANALYZER_NUMBER_OBJECT_CONVERSION = YES_AGGRESSIVE;
				CLANG_CXX_LANGUAGE_STANDARD = "gnu++20";
				CLANG_ENABLE_MODULES = YES;
				CLANG_ENABLE_OBJC_ARC = YES;
				CLANG_ENABLE_OBJC_WEAK = YES;
				CLANG_WARN_BLOCK_CAPTURE_AUTORELEASING = YES;
				CLANG_WARN_BOOL_CONVERSION = YES;
				CLANG_WARN_COMMA = YES;
				CLANG_WARN_CONSTANT_CONVERSION = YES;
				CLANG_WARN_DEPRECATED_OBJC_IMPLEMENTATIONS = YES;
				CLANG_WARN_DIRECT_OBJC_ISA_USAGE = YES_ERROR;
				CLANG_WARN_DOCUMENTATION_COMMENTS = YES;
				CLANG_WARN_EMPTY_BODY = YES;
				CLANG_WARN_ENUM_CONVERSION = YES;
				CLANG_WARN_INFINITE_RECURSION = YES;
				CLANG_WARN_INT_CONVERSION = YES;
				CLANG_WARN_NON_LITERAL_NULL_CONVERSION = YES;
				CLANG_WARN_OBJC_IMPLICIT_RETAIN_SELF = YES;
				CLANG_WARN_OBJC_LITERAL_CONVERSION = YES;
				CLANG_WARN_OBJC_ROOT_CLASS = YES_ERROR;
				CLANG_WARN_QUOTED_INCLUDE_IN_FRAMEWORK_HEADER = YES;
				CLANG_WARN_RANGE_LOOP_ANALYSIS = YES;
				CLANG_WARN_STRICT_PROTOTYPES = YES;
				CLANG_WARN_SUSPICIOUS_MOVE = YES;
				CLANG_WARN_UNGUARDED_AVAILABILITY = YES_AGGRESSIVE;
				CLANG_WARN_UNREACHABLE_CODE = YES;
				CLANG_WARN__DUPLICATE_METHOD_MATCH = YES;
				COPY_PHASE_STRIP = NO;
				DEBUG_INFORMATION_FORMAT = "dwarf-with-dsym";
				ENABLE_NS_ASSERTIONS = NO;
				ENABLE_STRICT_OBJC_MSGSEND = YES;
				ENABLE_USER_SCRIPT_SANDBOXING = YES;
				GCC_C_LANGUAGE_STANDARD = gnu17;
				GCC_NO_COMMON_BLOCKS = YES;
				GCC_WARN_64_TO_32_BIT_CONVERSION = YES;
				GCC_WARN_ABOUT_RETURN_TYPE = YES_ERROR;
				GCC_WARN_UNDECLARED_SELECTOR = YES;
				GCC_WARN_UNINITIALIZED_AUTOS = YES_AGGRESSIVE;
				GCC_WARN_UNUSED_FUNCTION = YES;
				GCC_WARN_UNUSED_VARIABLE = YES;
				IPHONEOS_DEPLOYMENT_TARGET = 17.2;
				LOCALIZATION_PREFERS_STRING_CATALOGS = YES;
				MTL_ENABLE_DEBUG_INFO = NO;
				MTL_FAST_MATH = YES;
				SDKROOT = iphoneos;
				SWIFT_COMPILATION_MODE = wholemodule;
				VALIDATE_PRODUCT = YES;
			};
			name = Release;
		};
		AC24A9112C62C98F007C7855 /* Debug */ = {
			isa = XCBuildConfiguration;
			buildSettings = {
				ASSETCATALOG_COMPILER_APPICON_NAME = AppIcon;
				ASSETCATALOG_COMPILER_GLOBAL_ACCENT_COLOR_NAME = AccentColor;
				CODE_SIGN_STYLE = Automatic;
				CURRENT_PROJECT_VERSION = 1;
				DEVELOPMENT_TEAM = WK3TD8MH9H;
				GENERATE_INFOPLIST_FILE = YES;
				INFOPLIST_FILE = EssentialApp/Info.plist;
				INFOPLIST_KEY_UIApplicationSupportsIndirectInputEvents = YES;
				INFOPLIST_KEY_UILaunchStoryboardName = LaunchScreen;
				INFOPLIST_KEY_UIMainStoryboardFile = Main;
				INFOPLIST_KEY_UISupportedInterfaceOrientations = "UIInterfaceOrientationLandscapeLeft UIInterfaceOrientationLandscapeRight UIInterfaceOrientationPortrait";
				INFOPLIST_KEY_UISupportedInterfaceOrientations_iPad = UIInterfaceOrientationPortrait;
				LD_RUNPATH_SEARCH_PATHS = (
					"$(inherited)",
					"@executable_path/Frameworks",
				);
				MARKETING_VERSION = 1.0;
				PRODUCT_BUNDLE_IDENTIFIER = com.peregoy.EssentialApp;
				PRODUCT_NAME = "$(TARGET_NAME)";
				SWIFT_EMIT_LOC_STRINGS = YES;
				SWIFT_VERSION = 5.0;
				TARGETED_DEVICE_FAMILY = "1,2";
			};
			name = Debug;
		};
		AC24A9122C62C98F007C7855 /* Release */ = {
			isa = XCBuildConfiguration;
			buildSettings = {
				ASSETCATALOG_COMPILER_APPICON_NAME = AppIcon;
				ASSETCATALOG_COMPILER_GLOBAL_ACCENT_COLOR_NAME = AccentColor;
				CODE_SIGN_STYLE = Automatic;
				CURRENT_PROJECT_VERSION = 1;
				DEVELOPMENT_TEAM = WK3TD8MH9H;
				GENERATE_INFOPLIST_FILE = YES;
				INFOPLIST_FILE = EssentialApp/Info.plist;
				INFOPLIST_KEY_UIApplicationSupportsIndirectInputEvents = YES;
				INFOPLIST_KEY_UILaunchStoryboardName = LaunchScreen;
				INFOPLIST_KEY_UIMainStoryboardFile = Main;
				INFOPLIST_KEY_UISupportedInterfaceOrientations = "UIInterfaceOrientationLandscapeLeft UIInterfaceOrientationLandscapeRight UIInterfaceOrientationPortrait";
				INFOPLIST_KEY_UISupportedInterfaceOrientations_iPad = UIInterfaceOrientationPortrait;
				LD_RUNPATH_SEARCH_PATHS = (
					"$(inherited)",
					"@executable_path/Frameworks",
				);
				MARKETING_VERSION = 1.0;
				PRODUCT_BUNDLE_IDENTIFIER = com.peregoy.EssentialApp;
				PRODUCT_NAME = "$(TARGET_NAME)";
				SWIFT_EMIT_LOC_STRINGS = YES;
				SWIFT_VERSION = 5.0;
				TARGETED_DEVICE_FAMILY = "1,2";
			};
			name = Release;
		};
		AC24A9142C62C98F007C7855 /* Debug */ = {
			isa = XCBuildConfiguration;
			buildSettings = {
				ALWAYS_EMBED_SWIFT_STANDARD_LIBRARIES = YES;
				BUNDLE_LOADER = "$(TEST_HOST)";
				CODE_SIGN_STYLE = Automatic;
				CURRENT_PROJECT_VERSION = 1;
				DEVELOPMENT_TEAM = WK3TD8MH9H;
				GENERATE_INFOPLIST_FILE = YES;
				IPHONEOS_DEPLOYMENT_TARGET = 17.2;
				MARKETING_VERSION = 1.0;
				PRODUCT_BUNDLE_IDENTIFIER = com.peregoy.EssentialAppTests;
				PRODUCT_NAME = "$(TARGET_NAME)";
				SWIFT_EMIT_LOC_STRINGS = NO;
				SWIFT_VERSION = 5.0;
				TARGETED_DEVICE_FAMILY = "1,2";
				TEST_HOST = "$(BUILT_PRODUCTS_DIR)/EssentialApp.app/$(BUNDLE_EXECUTABLE_FOLDER_PATH)/EssentialApp";
			};
			name = Debug;
		};
		AC24A9152C62C98F007C7855 /* Release */ = {
			isa = XCBuildConfiguration;
			buildSettings = {
				ALWAYS_EMBED_SWIFT_STANDARD_LIBRARIES = YES;
				BUNDLE_LOADER = "$(TEST_HOST)";
				CODE_SIGN_STYLE = Automatic;
				CURRENT_PROJECT_VERSION = 1;
				DEVELOPMENT_TEAM = WK3TD8MH9H;
				GENERATE_INFOPLIST_FILE = YES;
				IPHONEOS_DEPLOYMENT_TARGET = 17.2;
				MARKETING_VERSION = 1.0;
				PRODUCT_BUNDLE_IDENTIFIER = com.peregoy.EssentialAppTests;
				PRODUCT_NAME = "$(TARGET_NAME)";
				SWIFT_EMIT_LOC_STRINGS = NO;
				SWIFT_VERSION = 5.0;
				TARGETED_DEVICE_FAMILY = "1,2";
				TEST_HOST = "$(BUILT_PRODUCTS_DIR)/EssentialApp.app/$(BUNDLE_EXECUTABLE_FOLDER_PATH)/EssentialApp";
			};
			name = Release;
		};
		AC24A9172C62C98F007C7855 /* Debug */ = {
			isa = XCBuildConfiguration;
			buildSettings = {
				ALWAYS_EMBED_SWIFT_STANDARD_LIBRARIES = YES;
				CODE_SIGN_STYLE = Automatic;
				CURRENT_PROJECT_VERSION = 1;
				DEVELOPMENT_TEAM = WK3TD8MH9H;
				GENERATE_INFOPLIST_FILE = YES;
				MARKETING_VERSION = 1.0;
				PRODUCT_BUNDLE_IDENTIFIER = com.peregoy.EssentialAppUITests;
				PRODUCT_NAME = "$(TARGET_NAME)";
				SWIFT_EMIT_LOC_STRINGS = NO;
				SWIFT_VERSION = 5.0;
				TARGETED_DEVICE_FAMILY = "1,2";
				TEST_TARGET_NAME = EssentialApp;
			};
			name = Debug;
		};
		AC24A9182C62C98F007C7855 /* Release */ = {
			isa = XCBuildConfiguration;
			buildSettings = {
				ALWAYS_EMBED_SWIFT_STANDARD_LIBRARIES = YES;
				CODE_SIGN_STYLE = Automatic;
				CURRENT_PROJECT_VERSION = 1;
				DEVELOPMENT_TEAM = WK3TD8MH9H;
				GENERATE_INFOPLIST_FILE = YES;
				MARKETING_VERSION = 1.0;
				PRODUCT_BUNDLE_IDENTIFIER = com.peregoy.EssentialAppUITests;
				PRODUCT_NAME = "$(TARGET_NAME)";
				SWIFT_EMIT_LOC_STRINGS = NO;
				SWIFT_VERSION = 5.0;
				TARGETED_DEVICE_FAMILY = "1,2";
				TEST_TARGET_NAME = EssentialApp;
			};
			name = Release;
		};
/* End XCBuildConfiguration section */

/* Begin XCConfigurationList section */
		AC24A8E12C62C98E007C7855 /* Build configuration list for PBXProject "EssentialApp" */ = {
			isa = XCConfigurationList;
			buildConfigurations = (
				AC24A90E2C62C98F007C7855 /* Debug */,
				AC24A90F2C62C98F007C7855 /* Release */,
			);
			defaultConfigurationIsVisible = 0;
			defaultConfigurationName = Release;
		};
		AC24A9102C62C98F007C7855 /* Build configuration list for PBXNativeTarget "EssentialApp" */ = {
			isa = XCConfigurationList;
			buildConfigurations = (
				AC24A9112C62C98F007C7855 /* Debug */,
				AC24A9122C62C98F007C7855 /* Release */,
			);
			defaultConfigurationIsVisible = 0;
			defaultConfigurationName = Release;
		};
		AC24A9132C62C98F007C7855 /* Build configuration list for PBXNativeTarget "EssentialAppTests" */ = {
			isa = XCConfigurationList;
			buildConfigurations = (
				AC24A9142C62C98F007C7855 /* Debug */,
				AC24A9152C62C98F007C7855 /* Release */,
			);
			defaultConfigurationIsVisible = 0;
			defaultConfigurationName = Release;
		};
		AC24A9162C62C98F007C7855 /* Build configuration list for PBXNativeTarget "EssentialAppUITests" */ = {
			isa = XCConfigurationList;
			buildConfigurations = (
				AC24A9172C62C98F007C7855 /* Debug */,
				AC24A9182C62C98F007C7855 /* Release */,
			);
			defaultConfigurationIsVisible = 0;
			defaultConfigurationName = Release;
		};
/* End XCConfigurationList section */
	};
	rootObject = AC24A8DE2C62C98E007C7855 /* Project object */;
}
