// !$*UTF8*$!
{
	archiveVersion = 1;
	classes = {
	};
	objectVersion = 56;
	objects = {

/* Begin PBXBuildFile section */
		AC24A8EA2C62C98E007C7855 /* AppDelegate.swift in Sources */ = {isa = PBXBuildFile; fileRef = AC24A8E92C62C98E007C7855 /* AppDelegate.swift */; };
		AC24A8EC2C62C98E007C7855 /* SceneDelegate.swift in Sources */ = {isa = PBXBuildFile; fileRef = AC24A8EB2C62C98E007C7855 /* SceneDelegate.swift */; };
		AC24A8F12C62C98E007C7855 /* Main.storyboard in Resources */ = {isa = PBXBuildFile; fileRef = AC24A8EF2C62C98E007C7855 /* Main.storyboard */; };
		AC24A8F32C62C98F007C7855 /* Assets.xcassets in Resources */ = {isa = PBXBuildFile; fileRef = AC24A8F22C62C98F007C7855 /* Assets.xcassets */; };
		AC24A8F62C62C98F007C7855 /* LaunchScreen.storyboard in Resources */ = {isa = PBXBuildFile; fileRef = AC24A8F42C62C98F007C7855 /* LaunchScreen.storyboard */; };
		AC24A95F2C654294007C7855 /* FeedLoaderWithFallbackCompositeTests.swift in Sources */ = {isa = PBXBuildFile; fileRef = AC24A95E2C654294007C7855 /* FeedLoaderWithFallbackCompositeTests.swift */; };
		AC24A9622C660000007C7855 /* SceneDelegateTests.swift in Sources */ = {isa = PBXBuildFile; fileRef = AC24A9632C660000007C7855 /* SceneDelegateTests.swift */; };
		ACF3CD8D2C6569C40022EAB4 /* FeedLoaderWithFallbackComposite.swift in Sources */ = {isa = PBXBuildFile; fileRef = ACF3CD8C2C6569C40022EAB4 /* FeedLoaderWithFallbackComposite.swift */; };
		ACF3CD8F2C656B640022EAB4 /* FeedImageDataLoaderWithFallbackCompositeTests.swift in Sources */ = {isa = PBXBuildFile; fileRef = ACF3CD8E2C656B640022EAB4 /* FeedImageDataLoaderWithFallbackCompositeTests.swift */; };
		ACF3CD912C65801B0022EAB4 /* FeedImageDataLoaderWithFallbackComposite.swift in Sources */ = {isa = PBXBuildFile; fileRef = ACF3CD902C65801B0022EAB4 /* FeedImageDataLoaderWithFallbackComposite.swift */; };
		ACF3CD942C6581630022EAB4 /* XCTestCase+MemoryLeakTracking.swift in Sources */ = {isa = PBXBuildFile; fileRef = ACF3CD932C6581630022EAB4 /* XCTestCase+MemoryLeakTracking.swift */; };
		ACF3CD962C65820B0022EAB4 /* SharedTestHelpers.swift in Sources */ = {isa = PBXBuildFile; fileRef = ACF3CD952C65820B0022EAB4 /* SharedTestHelpers.swift */; };
		ACF3CD982C658DA20022EAB4 /* FeedLoaderCacheDecoratorTests.swift in Sources */ = {isa = PBXBuildFile; fileRef = ACF3CD972C658DA20022EAB4 /* FeedLoaderCacheDecoratorTests.swift */; };
		ACF3CD9A2C6590760022EAB4 /* FeedLoaderStub.swift in Sources */ = {isa = PBXBuildFile; fileRef = ACF3CD992C6590760022EAB4 /* FeedLoaderStub.swift */; };
		ACF3CD9C2C6591320022EAB4 /* XCTestCase+FeedLoader.swift in Sources */ = {isa = PBXBuildFile; fileRef = ACF3CD9B2C6591320022EAB4 /* XCTestCase+FeedLoader.swift */; };
		ACF3CDA02C6599A40022EAB4 /* FeedLoaderCacheDecorator.swift in Sources */ = {isa = PBXBuildFile; fileRef = ACF3CD9F2C6599A40022EAB4 /* FeedLoaderCacheDecorator.swift */; };
		ACF3CDA22C65EBBC0022EAB4 /* FeedImageDataLoaderCacheDecoratorTests.swift in Sources */ = {isa = PBXBuildFile; fileRef = ACF3CDA12C65EBBC0022EAB4 /* FeedImageDataLoaderCacheDecoratorTests.swift */; };
		ACF3CDA42C65ECF60022EAB4 /* FeedImageDataLoaderSpy.swift in Sources */ = {isa = PBXBuildFile; fileRef = ACF3CDA32C65ECF60022EAB4 /* FeedImageDataLoaderSpy.swift */; };
		ACF3CDA62C65EE0A0022EAB4 /* XCTestCase+FeedImageDataLoader.swift in Sources */ = {isa = PBXBuildFile; fileRef = ACF3CDA52C65EE0A0022EAB4 /* XCTestCase+FeedImageDataLoader.swift */; };
		ACF3CDAA2C65F14D0022EAB4 /* FeedImageDataLoaderCacheDecorator.swift in Sources */ = {isa = PBXBuildFile; fileRef = ACF3CDA92C65F14D0022EAB4 /* FeedImageDataLoaderCacheDecorator.swift */; };
		08B52E7E237AF87F0092D15B /* EssentialAppUIAcceptanceTests.swift in Sources */ = {isa = PBXBuildFile; fileRef = 08B52E7D237AF87F0092D15B /* EssentialAppUIAcceptanceTests.swift */; };
		AC24AA102C660060007C7855 /* FeedUIComposer.swift in Sources */ = {isa = PBXBuildFile; fileRef = AC24AA002C660060007C7855 /* FeedUIComposer.swift */; };
		AC24AA112C660060007C7855 /* FeedViewAdapter.swift in Sources */ = {isa = PBXBuildFile; fileRef = AC24AA012C660060007C7855 /* FeedViewAdapter.swift */; };
		AC24AA122C660060007C7855 /* FeedLoaderPresentationAdapter.swift in Sources */ = {isa = PBXBuildFile; fileRef = AC24AA022C660060007C7855 /* FeedLoaderPresentationAdapter.swift */; };
		AC24AA132C660060007C7855 /* FeedImageDataLoaderPresentationAdapter.swift in Sources */ = {isa = PBXBuildFile; fileRef = AC24AA032C660060007C7855 /* FeedImageDataLoaderPresentationAdapter.swift */; };
		AC24AA142C660060007C7855 /* MainQueueDispatchDecorator.swift in Sources */ = {isa = PBXBuildFile; fileRef = AC24AA042C660060007C7855 /* MainQueueDispatchDecorator.swift */; };
		AC24AA152C660060007C7855 /* WeakRefVirtualProxy.swift in Sources */ = {isa = PBXBuildFile; fileRef = AC24AA052C660060007C7855 /* WeakRefVirtualProxy.swift */; };
		AC24AA162C660060007C7855 /* FeedUIIntegrationTests.swift in Sources */ = {isa = PBXBuildFile; fileRef = AC24AA062C660060007C7855 /* FeedUIIntegrationTests.swift */; };
		AC24AA172C660060007C7855 /* FakeRefreshControl.swift in Sources */ = {isa = PBXBuildFile; fileRef = AC24AA072C660060007C7855 /* FakeRefreshControl.swift */; };
		AC24AA182C660060007C7855 /* FeedImageCell+TestHelpers.swift in Sources */ = {isa = PBXBuildFile; fileRef = AC24AA082C660060007C7855 /* FeedImageCell+TestHelpers.swift */; };
		AC24AA192C660060007C7855 /* FeedViewController+TestHelpers.swift in Sources */ = {isa = PBXBuildFile; fileRef = AC24AA092C660060007C7855 /* FeedViewController+TestHelpers.swift */; };
		AC24AA1A2C660060007C7855 /* FeedViewControllerTests+Assertions.swift in Sources */ = {isa = PBXBuildFile; fileRef = AC24AA0A2C660060007C7855 /* FeedViewControllerTests+Assertions.swift */; };
		AC24AA1B2C660060007C7855 /* FeedViewControllerTests+LoaderSpy.swift in Sources */ = {isa = PBXBuildFile; fileRef = AC24AA0B2C660060007C7855 /* FeedViewControllerTests+LoaderSpy.swift */; };
		AC24AA1C2C660060007C7855 /* FeedViewControllerTests+Localization.swift in Sources */ = {isa = PBXBuildFile; fileRef = AC24AA0C2C660060007C7855 /* FeedViewControllerTests+Localization.swift */; };
		AC24AA1D2C660060007C7855 /* UIButton+TestHelpers.swift in Sources */ = {isa = PBXBuildFile; fileRef = AC24AA0D2C660060007C7855 /* UIButton+TestHelpers.swift */; };
		AC24AA1E2C660060007C7855 /* UIControl+TestHelpers.swift in Sources */ = {isa = PBXBuildFile; fileRef = AC24AA0E2C660060007C7855 /* UIControl+TestHelpers.swift */; };
		AC24AA1F2C660060007C7855 /* UIImage+TestHelpers.swift in Sources */ = {isa = PBXBuildFile; fileRef = AC24AA0F2C660060007C7855 /* UIImage+TestHelpers.swift */; };
		AC24AA202C660060007C7855 /* UIRefreshControl+TestHelpers.swift in Sources */ = {isa = PBXBuildFile; fileRef = AC24AA212C660060007C7855 /* UIRefreshControl+TestHelpers.swift */; };
/* End PBXBuildFile section */

/* Begin PBXContainerItemProxy section */
		AC24A8FD2C62C98F007C7855 /* PBXContainerItemProxy */ = {
			isa = PBXContainerItemProxy;
			containerPortal = AC24A8DE2C62C98E007C7855 /* Project object */;
			proxyType = 1;
			remoteGlobalIDString = AC24A8E52C62C98E007C7855;
			remoteInfo = EssentialApp;
		};
		08B52E80237AF87F0092D15B /* PBXContainerItemProxy */ = {
			isa = PBXContainerItemProxy;
			containerPortal = AC24A8DE2C62C98E007C7855 /* Project object */;
			proxyType = 1;
			remoteGlobalIDString = AC24A8E52C62C98E007C7855;
			remoteInfo = EssentialApp;
		};
		ACF30EDE2C620000007EED01 /* PBXContainerItemProxy */ = {
			isa = PBXContainerItemProxy;
			containerPortal = ACF30EDD2C620000007EED00 /* EssentialFeed.xcodeproj */;
			proxyType = 1;
			remoteGlobalIDString = ACC2915E2AB8FD9200CFE54D;
			remoteInfo = EssentialFeediOS;
		};
/* End PBXContainerItemProxy section */

/* Begin PBXCopyFilesBuildPhase section */
		AC24A94F2C62CE93007C7855 /* Embed Frameworks */ = {
			isa = PBXCopyFilesBuildPhase;
			buildActionMask = 2147483647;
			dstPath = "";
			dstSubfolderSpec = 10;
			files = (
			);
			name = "Embed Frameworks";
			runOnlyForDeploymentPostprocessing = 0;
		};
/* End PBXCopyFilesBuildPhase section */

/* Begin PBXFileReference section */
		AC24A8E62C62C98E007C7855 /* EssentialApp.app */ = {isa = PBXFileReference; explicitFileType = wrapper.application; includeInIndex = 0; path = EssentialApp.app; sourceTree = BUILT_PRODUCTS_DIR; };
		AC24A8E92C62C98E007C7855 /* AppDelegate.swift */ = {isa = PBXFileReference; lastKnownFileType = sourcecode.swift; path = AppDelegate.swift; sourceTree = "<group>"; };
		AC24A8EB2C62C98E007C7855 /* SceneDelegate.swift */ = {isa = PBXFileReference; lastKnownFileType = sourcecode.swift; path = SceneDelegate.swift; sourceTree = "<group>"; };
		AC24A8F02C62C98E007C7855 /* Base */ = {isa = PBXFileReference; lastKnownFileType = file.storyboard; name = Base; path = Base.lproj/Main.storyboard; sourceTree = "<group>"; };
		AC24A8F22C62C98F007C7855 /* Assets.xcassets */ = {isa = PBXFileReference; lastKnownFileType = folder.assetcatalog; path = Assets.xcassets; sourceTree = "<group>"; };
		AC24A8F52C62C98F007C7855 /* Base */ = {isa = PBXFileReference; lastKnownFileType = file.storyboard; name = Base; path = Base.lproj/LaunchScreen.storyboard; sourceTree = "<group>"; };
		AC24A8F72C62C98F007C7855 /* Info.plist */ = {isa = PBXFileReference; lastKnownFileType = text.plist.xml; path = Info.plist; sourceTree = "<group>"; };
		AC24A8FC2C62C98F007C7855 /* EssentialAppTests.xctest */ = {isa = PBXFileReference; explicitFileType = wrapper.cfbundle; includeInIndex = 0; path = EssentialAppTests.xctest; sourceTree = BUILT_PRODUCTS_DIR; };
		AC24A95E2C654294007C7855 /* FeedLoaderWithFallbackCompositeTests.swift */ = {isa = PBXFileReference; lastKnownFileType = sourcecode.swift; path = FeedLoaderWithFallbackCompositeTests.swift; sourceTree = "<group>"; };
		AC24A9632C660000007C7855 /* SceneDelegateTests.swift */ = {isa = PBXFileReference; lastKnownFileType = sourcecode.swift; path = SceneDelegateTests.swift; sourceTree = "<group>"; };
		ACF3CD8C2C6569C40022EAB4 /* FeedLoaderWithFallbackComposite.swift */ = {isa = PBXFileReference; lastKnownFileType = sourcecode.swift; path = FeedLoaderWithFallbackComposite.swift; sourceTree = "<group>"; };
		ACF3CD8E2C656B640022EAB4 /* FeedImageDataLoaderWithFallbackCompositeTests.swift */ = {isa = PBXFileReference; lastKnownFileType = sourcecode.swift; path = FeedImageDataLoaderWithFallbackCompositeTests.swift; sourceTree = "<group>"; };
		ACF3CD902C65801B0022EAB4 /* FeedImageDataLoaderWithFallbackComposite.swift */ = {isa = PBXFileReference; lastKnownFileType = sourcecode.swift; path = FeedImageDataLoaderWithFallbackComposite.swift; sourceTree = "<group>"; };
		ACF3CD932C6581630022EAB4 /* XCTestCase+MemoryLeakTracking.swift */ = {isa = PBXFileReference; lastKnownFileType = sourcecode.swift; path = "XCTestCase+MemoryLeakTracking.swift"; sourceTree = "<group>"; };
		ACF3CD952C65820B0022EAB4 /* SharedTestHelpers.swift */ = {isa = PBXFileReference; lastKnownFileType = sourcecode.swift; path = SharedTestHelpers.swift; sourceTree = "<group>"; };
		ACF3CD972C658DA20022EAB4 /* FeedLoaderCacheDecoratorTests.swift */ = {isa = PBXFileReference; lastKnownFileType = sourcecode.swift; path = FeedLoaderCacheDecoratorTests.swift; sourceTree = "<group>"; };
		ACF3CD992C6590760022EAB4 /* FeedLoaderStub.swift */ = {isa = PBXFileReference; lastKnownFileType = sourcecode.swift; path = FeedLoaderStub.swift; sourceTree = "<group>"; };
		ACF3CD9B2C6591320022EAB4 /* XCTestCase+FeedLoader.swift */ = {isa = PBXFileReference; lastKnownFileType = sourcecode.swift; path = "XCTestCase+FeedLoader.swift"; sourceTree = "<group>"; };
		ACF3CD9F2C6599A40022EAB4 /* FeedLoaderCacheDecorator.swift */ = {isa = PBXFileReference; lastKnownFileType = sourcecode.swift; path = FeedLoaderCacheDecorator.swift; sourceTree = "<group>"; };
		ACF3CDA12C65EBBC0022EAB4 /* FeedImageDataLoaderCacheDecoratorTests.swift */ = {isa = PBXFileReference; lastKnownFileType = sourcecode.swift; path = FeedImageDataLoaderCacheDecoratorTests.swift; sourceTree = "<group>"; };
		ACF3CDA32C65ECF60022EAB4 /* FeedImageDataLoaderSpy.swift */ = {isa = PBXFileReference; lastKnownFileType = sourcecode.swift; path = FeedImageDataLoaderSpy.swift; sourceTree = "<group>"; };
		ACF3CDA52C65EE0A0022EAB4 /* XCTestCase+FeedImageDataLoader.swift */ = {isa = PBXFileReference; lastKnownFileType = sourcecode.swift; path = "XCTestCase+FeedImageDataLoader.swift"; sourceTree = "<group>"; };
		ACF3CDA92C65F14D0022EAB4 /* FeedImageDataLoaderCacheDecorator.swift */ = {isa = PBXFileReference; lastKnownFileType = sourcecode.swift; path = FeedImageDataLoaderCacheDecorator.swift; sourceTree = "<group>"; };
		08B52E7B237AF87F0092D15B /* EssentialAppUIAcceptanceTests.xctest */ = {isa = PBXFileReference; explicitFileType = wrapper.cfbundle; includeInIndex = 0; path = EssentialAppUIAcceptanceTests.xctest; sourceTree = BUILT_PRODUCTS_DIR; };
		08B52E7D237AF87F0092D15B /* EssentialAppUIAcceptanceTests.swift */ = {isa = PBXFileReference; lastKnownFileType = sourcecode.swift; path = EssentialAppUIAcceptanceTests.swift; sourceTree = "<group>"; };
		08B52E7F237AF87F0092D15B /* Info.plist */ = {isa = PBXFileReference; lastKnownFileType = text.plist.xml; path = Info.plist; sourceTree = "<group>"; };
		ACF30EDD2C620000007EED00 /* EssentialFeed.xcodeproj */ = {isa = PBXFileReference; lastKnownFileType = "wrapper.pb-project"; name = EssentialFeed.xcodeproj; path = ../../EssentialFeed/EssentialFeed.xcodeproj; sourceTree = "<group>"; };
		AC24AA002C660060007C7855 /* FeedUIComposer.swift */ = {isa = PBXFileReference; lastKnownFileType = sourcecode.swift; path = FeedUIComposer.swift; sourceTree = "<group>"; };
		AC24AA012C660060007C7855 /* FeedViewAdapter.swift */ = {isa = PBXFileReference; lastKnownFileType = sourcecode.swift; path = FeedViewAdapter.swift; sourceTree = "<group>"; };
		AC24AA022C660060007C7855 /* FeedLoaderPresentationAdapter.swift */ = {isa = PBXFileReference; lastKnownFileType = sourcecode.swift; path = FeedLoaderPresentationAdapter.swift; sourceTree = "<group>"; };
		AC24AA032C660060007C7855 /* FeedImageDataLoaderPresentationAdapter.swift */ = {isa = PBXFileReference; lastKnownFileType = sourcecode.swift; path = FeedImageDataLoaderPresentationAdapter.swift; sourceTree = "<group>"; };
		AC24AA042C660060007C7855 /* MainQueueDispatchDecorator.swift */ = {isa = PBXFileReference; lastKnownFileType = sourcecode.swift; path = MainQueueDispatchDecorator.swift; sourceTree = "<group>"; };
		AC24AA052C660060007C7855 /* WeakRefVirtualProxy.swift */ = {isa = PBXFileReference; lastKnownFileType = sourcecode.swift; path = WeakRefVirtualProxy.swift; sourceTree = "<group>"; };
		AC24AA062C660060007C7855 /* FeedUIIntegrationTests.swift */ = {isa = PBXFileReference; lastKnownFileType = sourcecode.swift; path = FeedUIIntegrationTests.swift; sourceTree = "<group>"; };
		AC24AA072C660060007C7855 /* FakeRefreshControl.swift */ = {isa = PBXFileReference; lastKnownFileType = sourcecode.swift; path = FakeRefreshControl.swift; sourceTree = "<group>"; };
		AC24AA082C660060007C7855 /* FeedImageCell+TestHelpers.swift */ = {isa = PBXFileReference; lastKnownFileType = sourcecode.swift; path = "FeedImageCell+TestHelpers.swift"; sourceTree = "<group>"; };
		AC24AA092C660060007C7855 /* FeedViewController+TestHelpers.swift */ = {isa = PBXFileReference; lastKnownFileType = sourcecode.swift; path = "FeedViewController+TestHelpers.swift"; sourceTree = "<group>"; };
		AC24AA0A2C660060007C7855 /* FeedViewControllerTests+Assertions.swift */ = {isa = PBXFileReference; lastKnownFileType = sourcecode.swift; path = "FeedViewControllerTests+Assertions.swift"; sourceTree = "<group>"; };
		AC24AA0B2C660060007C7855 /* FeedViewControllerTests+LoaderSpy.swift */ = {isa = PBXFileReference; lastKnownFileType = sourcecode.swift; path = "FeedViewControllerTests+LoaderSpy.swift"; sourceTree = "<group>"; };
		AC24AA0C2C660060007C7855 /* FeedViewControllerTests+Localization.swift */ = {isa = PBXFileReference; lastKnownFileType = sourcecode.swift; path = "FeedViewControllerTests+Localization.swift"; sourceTree = "<group>"; };
		AC24AA0D2C660060007C7855 /* UIButton+TestHelpers.swift */ = {isa = PBXFileReference; lastKnownFileType = sourcecode.swift; path = "UIButton+TestHelpers.swift"; sourceTree = "<group>"; };
		AC24AA0E2C660060007C7855 /* UIControl+TestHelpers.swift */ = {isa = PBXFileReference; lastKnownFileType = sourcecode.swift; path = "UIControl+TestHelpers.swift"; sourceTree = "<group>"; };
		AC24AA0F2C660060007C7855 /* UIImage+TestHelpers.swift */ = {isa = PBXFileReference; lastKnownFileType = sourcecode.swift; path = "UIImage+TestHelpers.swift"; sourceTree = "<group>"; };
		AC24AA212C660060007C7855 /* UIRefreshControl+TestHelpers.swift */ = {isa = PBXFileReference; lastKnownFileType = sourcecode.swift; path = "UIRefreshControl+TestHelpers.swift"; sourceTree = "<group>"; };
/* End PBXFileReference section */

/* Begin PBXFrameworksBuildPhase section */
		AC24A8E32C62C98E007C7855 /* Frameworks */ = {
			isa = PBXFrameworksBuildPhase;
			buildActionMask = 2147483647;
			files = (
			);
			runOnlyForDeploymentPostprocessing = 0;
		};
		AC24A8F92C62C98F007C7855 /* Frameworks */ = {
			isa = PBXFrameworksBuildPhase;
			buildActionMask = 2147483647;
			files = (
			);
			runOnlyForDeploymentPostprocessing = 0;
		};
		08B52E78237AF87F0092D15B /* Frameworks */ = {
			isa = PBXFrameworksBuildPhase;
			buildActionMask = 2147483647;
			files = (
			);
			runOnlyForDeploymentPostprocessing = 0;
		};
/* End PBXFrameworksBuildPhase section */

/* Begin PBXGroup section */
		AC24A8DD2C62C98E007C7855 = {
			isa = PBXGroup;
			children = (
				ACF30EDD2C620000007EED00 /* EssentialFeed.xcodeproj */,
				AC24A8E82C62C98E007C7855 /* EssentialApp */,
				AC24A8FF2C62C98F007C7855 /* EssentialAppTests */,
				08B52E7C237AF87F0092D15B /* EssentialAppUIAcceptanceTests */,
				AC24A8E72C62C98E007C7855 /* Products */,
				AC24A94A2C62CE93007C7855 /* Frameworks */,
			);
			sourceTree = "<group>";
		};
		AC24A8E72C62C98E007C7855 /* Products */ = {
			isa = PBXGroup;
			children = (
				AC24A8E62C62C98E007C7855 /* EssentialApp.app */,
				AC24A8FC2C62C98F007C7855 /* EssentialAppTests.xctest */,
				08B52E7B237AF87F0092D15B /* EssentialAppUIAcceptanceTests.xctest */,
			);
			name = Products;
			sourceTree = "<group>";
		};
		AC24A8E82C62C98E007C7855 /* EssentialApp */ = {
			isa = PBXGroup;
			children = (
				AC24A8E92C62C98E007C7855 /* AppDelegate.swift */,
				AC24A8EB2C62C98E007C7855 /* SceneDelegate.swift */,
				ACF3CD8C2C6569C40022EAB4 /* FeedLoaderWithFallbackComposite.swift */,
				ACF3CD9F2C6599A40022EAB4 /* FeedLoaderCacheDecorator.swift */,
				ACF3CD902C65801B0022EAB4 /* FeedImageDataLoaderWithFallbackComposite.swift */,
				ACF3CDA92C65F14D0022EAB4 /* FeedImageDataLoaderCacheDecorator.swift */,
				AC24AA002C660060007C7855 /* FeedUIComposer.swift */,
				AC24AA012C660060007C7855 /* FeedViewAdapter.swift */,
				AC24AA022C660060007C7855 /* FeedLoaderPresentationAdapter.swift */,
				AC24AA032C660060007C7855 /* FeedImageDataLoaderPresentationAdapter.swift */,
				AC24AA042C660060007C7855 /* MainQueueDispatchDecorator.swift */,
				AC24AA052C660060007C7855 /* WeakRefVirtualProxy.swift */,
				AC24A8EF2C62C98E007C7855 /* Main.storyboard */,
				AC24A8F22C62C98F007C7855 /* Assets.xcassets */,
				AC24A8F42C62C98F007C7855 /* LaunchScreen.storyboard */,
				AC24A8F72C62C98F007C7855 /* Info.plist */,
			);
			path = EssentialApp;
			sourceTree = "<group>";
		};
		AC24A8FF2C62C98F007C7855 /* EssentialAppTests */ = {
			isa = PBXGroup;
			children = (
				ACF3CD922C65814E0022EAB4 /* Helpers */,
				AC24A9632C660000007C7855 /* SceneDelegateTests.swift */,
				AC24AA062C660060007C7855 /* FeedUIIntegrationTests.swift */,
				AC24A95E2C654294007C7855 /* FeedLoaderWithFallbackCompositeTests.swift */,
				ACF3CD972C658DA20022EAB4 /* FeedLoaderCacheDecoratorTests.swift */,
				ACF3CD8E2C656B640022EAB4 /* FeedImageDataLoaderWithFallbackCompositeTests.swift */,
				ACF3CDA12C65EBBC0022EAB4 /* FeedImageDataLoaderCacheDecoratorTests.swift */,
			);
			path = EssentialAppTests;
			sourceTree = "<group>";
		};
		AC24A94A2C62CE93007C7855 /* Frameworks */ = {
			isa = PBXGroup;
			children = (
			);
			name = Frameworks;
			sourceTree = "<group>";
		};
		ACF3CD922C65814E0022EAB4 /* Helpers */ = {
			isa = PBXGroup;
			children = (
				ACF3CD9B2C6591320022EAB4 /* XCTestCase+FeedLoader.swift */,
				ACF3CDA52C65EE0A0022EAB4 /* XCTestCase+FeedImageDataLoader.swift */,
				ACF3CD932C6581630022EAB4 /* XCTestCase+MemoryLeakTracking.swift */,
				ACF3CD952C65820B0022EAB4 /* SharedTestHelpers.swift */,
				ACF3CD992C6590760022EAB4 /* FeedLoaderStub.swift */,
				ACF3CDA32C65ECF60022EAB4 /* FeedImageDataLoaderSpy.swift */,
				AC24AA072C660060007C7855 /* FakeRefreshControl.swift */,
				AC24AA082C660060007C7855 /* FeedImageCell+TestHelpers.swift */,
				AC24AA092C660060007C7855 /* FeedViewController+TestHelpers.swift */,
				AC24AA0A2C660060007C7855 /* FeedViewControllerTests+Assertions.swift */,
				AC24AA0B2C660060007C7855 /* FeedViewControllerTests+LoaderSpy.swift */,
				AC24AA0C2C660060007C7855 /* FeedViewControllerTests+Localization.swift */,
				AC24AA0D2C660060007C7855 /* UIButton+TestHelpers.swift */,
				AC24AA0E2C660060007C7855 /* UIControl+TestHelpers.swift */,
				AC24AA0F2C660060007C7855 /* UIImage+TestHelpers.swift */,
				AC24AA212C660060007C7855 /* UIRefreshControl+TestHelpers.swift */,
			);
			path = Helpers;
			sourceTree = "<group>";
		};
		08B52E7C237AF87F0092D15B /* EssentialAppUIAcceptanceTests */ = {
			isa = PBXGroup;
			children = (
				08B52E7D237AF87F0092D15B /* EssentialAppUIAcceptanceTests.swift */,
				08B52E7F237AF87F0092D15B /* Info.plist */,
			);
			path = EssentialAppUIAcceptanceTests;
			sourceTree = "<group>";
		};
/* End PBXGroup section */

/* Begin PBXNativeTarget section */
		AC24A8E52C62C98E007C7855 /* EssentialApp */ = {
			isa = PBXNativeTarget;
			buildConfigurationList = AC24A9102C62C98F007C7855 /* Build configuration list for PBXNativeTarget "EssentialApp" */;
			buildPhases = (
				AC24A8E22C62C98E007C7855 /* Sources */,
				AC24A8E32C62C98E007C7855 /* Frameworks */,
				AC24A8E42C62C98E007C7855 /* Resources */,
				AC24A94F2C62CE93007C7855 /* Embed Frameworks */,
			);
			buildRules = (
			);
			dependencies = (
				ACF30EDF2C620000007EED02 /* PBXTargetDependency */,
			);
			name = EssentialApp;
			productName = EssentialApp;
			productReference = AC24A8E62C62C98E007C7855 /* EssentialApp.app */;
			productType = "com.apple.product-type.application";
		};
		AC24A8FB2C62C98F007C7855 /* EssentialAppTests */ = {
			isa = PBXNativeTarget;
			buildConfigurationList = AC24A9132C62C98F007C7855 /* Build configuration list for PBXNativeTarget "EssentialAppTests" */;
			buildPhases = (
				AC24A8F82C62C98F007C7855 /* Sources */,
				AC24A8F92C62C98F007C7855 /* Frameworks */,
				AC24A8FA2C62C98F007C7855 /* Resources */,
			);
			buildRules = (
			);
			dependencies = (
				AC24A8FE2C62C98F007C7855 /* PBXTargetDependency */,
			);
			name = EssentialAppTests;
			productName = EssentialAppTests;
			productReference = AC24A8FC2C62C98F007C7855 /* EssentialAppTests.xctest */;
			productType = "com.apple.product-type.bundle.unit-test";
		};
		08B52E7A237AF87F0092D15B /* EssentialAppUIAcceptanceTests */ = {
			isa = PBXNativeTarget;
			buildConfigurationList = 08B52E84237AF87F0092D15B /* Build configuration list for PBXNativeTarget "EssentialAppUIAcceptanceTests" */;
			buildPhases = (
				08B52E77237AF87F0092D15B /* Sources */,
				08B52E78237AF87F0092D15B /* Frameworks */,
				08B52E79237AF87F0092D15B /* Resources */,
			);
			buildRules = (
			);
			dependencies = (
				08B52E81237AF87F0092D15B /* PBXTargetDependency */,
			);
			name = EssentialAppUIAcceptanceTests;
			productName = EssentialAppUIAcceptanceTests;
			productReference = 08B52E7B237AF87F0092D15B /* EssentialAppUIAcceptanceTests.xctest */;
			productType = "com.apple.product-type.bundle.ui-testing";
		};
/* End PBXNativeTarget section */

/* Begin PBXProject section */
		AC24A8DE2C62C98E007C7855 /* Project object */ = {
			isa = PBXProject;
			attributes = {
				BuildIndependentTargetsInParallel = 1;
				LastSwiftUpdateCheck = 1520;
				LastUpgradeCheck = 1520;
				TargetAttributes = {
					AC24A8E52C62C98E007C7855 = {
						CreatedOnToolsVersion = 15.2;
					};
					AC24A8FB2C62C98F007C7855 = {
						CreatedOnToolsVersion = 15.2;
						TestTargetID = AC24A8E52C62C98E007C7855;
					};
					08B52E7A237AF87F0092D15B = {
						CreatedOnToolsVersion = 11.2;
						TestTargetID = AC24A8E52C62C98E007C7855;
					};
				};
			};
			buildConfigurationList = AC24A8E12C62C98E007C7855 /* Build configuration list for PBXProject "EssentialApp" */;
			compatibilityVersion = "Xcode 14.0";
			developmentRegion = en;
			hasScannedForEncodings = 0;
			knownRegions = (
				en,
				Base,
			);
			mainGroup = AC24A8DD2C62C98E007C7855;
			productRefGroup = AC24A8E72C62C98E007C7855 /* Products */;
			projectDirPath = "";
			projectRoot = "";
			targets = (
				AC24A8E52C62C98E007C7855 /* EssentialApp */,
				AC24A8FB2C62C98F007C7855 /* EssentialAppTests */,
				08B52E7A237AF87F0092D15B /* EssentialAppUIAcceptanceTests */,
			);
		};
/* End PBXProject section */

/* Begin PBXResourcesBuildPhase section */
		AC24A8E42C62C98E007C7855 /* Resources */ = {
			isa = PBXResourcesBuildPhase;
			buildActionMask = 2147483647;
			files = (
				AC24A8F62C62C98F007C7855 /* LaunchScreen.storyboard in Resources */,
				AC24A8F32C62C98F007C7855 /* Assets.xcassets in Resources */,
				AC24A8F12C62C98E007C7855 /* Main.storyboard in Resources */,
			);
			runOnlyForDeploymentPostprocessing = 0;
		};
		AC24A8FA2C62C98F007C7855 /* Resources */ = {
			isa = PBXResourcesBuildPhase;
			buildActionMask = 2147483647;
			files = (
			);
			runOnlyForDeploymentPostprocessing = 0;
		};
		08B52E79237AF87F0092D15B /* Resources */ = {
			isa = PBXResourcesBuildPhase;
			buildActionMask = 2147483647;
			files = (
			);
			runOnlyForDeploymentPostprocessing = 0;
		};
/* End PBXResourcesBuildPhase section */

/* Begin PBXSourcesBuildPhase section */
		AC24A8E22C62C98E007C7855 /* Sources */ = {
			isa = PBXSourcesBuildPhase;
			buildActionMask = 2147483647;
			files = (
				ACF3CD912C65801B0022EAB4 /* FeedImageDataLoaderWithFallbackComposite.swift in Sources */,
				AC24A8EA2C62C98E007C7855 /* AppDelegate.swift in Sources */,
				ACF3CD8D2C6569C40022EAB4 /* FeedLoaderWithFallbackComposite.swift in Sources */,
				ACF3CDA02C6599A40022EAB4 /* FeedLoaderCacheDecorator.swift in Sources */,
				ACF3CDAA2C65F14D0022EAB4 /* FeedImageDataLoaderCacheDecorator.swift in Sources */,
				AC24AA102C660060007C7855 /* FeedUIComposer.swift in Sources */,
				AC24AA112C660060007C7855 /* FeedViewAdapter.swift in Sources */,
				AC24AA122C660060007C7855 /* FeedLoaderPresentationAdapter.swift in Sources */,
				AC24AA132C660060007C7855 /* FeedImageDataLoaderPresentationAdapter.swift in Sources */,
				AC24AA142C660060007C7855 /* MainQueueDispatchDecorator.swift in Sources */,
				AC24AA152C660060007C7855 /* WeakRefVirtualProxy.swift in Sources */,
				AC24A8EC2C62C98E007C7855 /* SceneDelegate.swift in Sources */,
			);
			runOnlyForDeploymentPostprocessing = 0;
		};
		08B52E77237AF87F0092D15B /* Sources */ = {
			isa = PBXSourcesBuildPhase;
			buildActionMask = 2147483647;
			files = (
				08B52E7E237AF87F0092D15B /* EssentialAppUIAcceptanceTests.swift in Sources */,
			);
			runOnlyForDeploymentPostprocessing = 0;
		};
		AC24A8F82C62C98F007C7855 /* Sources */ = {
			isa = PBXSourcesBuildPhase;
			buildActionMask = 2147483647;
			files = (
				AC24A9622C660000007C7855 /* SceneDelegateTests.swift in Sources */,
				AC24AA162C660060007C7855 /* FeedUIIntegrationTests.swift in Sources */,
				AC24AA172C660060007C7855 /* FakeRefreshControl.swift in Sources */,
				AC24AA182C660060007C7855 /* FeedImageCell+TestHelpers.swift in Sources */,
				AC24AA192C660060007C7855 /* FeedViewController+TestHelpers.swift in Sources */,
				AC24AA1A2C660060007C7855 /* FeedViewControllerTests+Assertions.swift in Sources */,
				AC24AA1B2C660060007C7855 /* FeedViewControllerTests+LoaderSpy.swift in Sources */,
				AC24AA1C2C660060007C7855 /* FeedViewControllerTests+Localization.swift in Sources */,
				AC24AA1D2C660060007C7855 /* UIButton+TestHelpers.swift in Sources */,
				AC24AA1E2C660060007C7855 /* UIControl+TestHelpers.swift in Sources */,
				AC24AA1F2C660060007C7855 /* UIImage+TestHelpers.swift in Sources */,
				AC24AA202C660060007C7855 /* UIRefreshControl+TestHelpers.swift in Sources */,
				ACF3CD962C65820B0022EAB4 /* SharedTestHelpers.swift in Sources */,
				ACF3CDA22C65EBBC0022EAB4 /* FeedImageDataLoaderCacheDecoratorTests.swift in Sources */,
				ACF3CD9C2C6591320022EAB4 /* XCTestCase+FeedLoader.swift in Sources */,
				ACF3CDA62C65EE0A0022EAB4 /* XCTestCase+FeedImageDataLoader.swift in Sources */,
				ACF3CD982C658DA20022EAB4 /* FeedLoaderCacheDecoratorTests.swift in Sources */,
				ACF3CDA42C65ECF60022EAB4 /* FeedImageDataLoaderSpy.swift in Sources */,
				ACF3CD8F2C656B640022EAB4 /* FeedImageDataLoaderWithFallbackCompositeTests.swift in Sources */,
				AC24A95F2C654294007C7855 /* FeedLoaderWithFallbackCompositeTests.swift in Sources */,
				ACF3CD9A2C6590760022EAB4 /* FeedLoaderStub.swift in Sources */,
				ACF3CD942C6581630022EAB4 /* XCTestCase+MemoryLeakTracking.swift in Sources */,
			);
			runOnlyForDeploymentPostprocessing = 0;
		};
/* End PBXSourcesBuildPhase section */

/* Begin PBXTargetDependency section */
		AC24A8FE2C62C98F007C7855 /* PBXTargetDependency */ = {
			isa = PBXTargetDependency;
			target = AC24A8E52C62C98E007C7855 /* EssentialApp */;
			targetProxy = AC24A8FD2C62C98F007C7855 /* PBXContainerItemProxy */;
		};
		08B52E81237AF87F0092D15B /* PBXTargetDependency */ = {
			isa = PBXTargetDependency;
			target = AC24A8E52C62C98E007C7855 /* EssentialApp */;
			targetProxy = 08B52E80237AF87F0092D15B /* PBXContainerItemProxy */;
		};
		ACF30EDF2C620000007EED02 /* PBXTargetDependency */ = {
			isa = PBXTargetDependency;
			targetProxy = ACF30EDE2C620000007EED01 /* PBXContainerItemProxy */;
		};
/* End PBXTargetDependency section */

/* Begin PBXVariantGroup section */
		AC24A8EF2C62C98E007C7855 /* Main.storyboard */ = {
			isa = PBXVariantGroup;
			children = (
				AC24A8F02C62C98E007C7855 /* Base */,
			);
			name = Main.storyboard;
			sourceTree = "<group>";
		};
		AC24A8F42C62C98F007C7855 /* LaunchScreen.storyboard */ = {
			isa = PBXVariantGroup;
			children = (
				AC24A8F52C62C98F007C7855 /* Base */,
			);
			name = LaunchScreen.storyboard;
			sourceTree = "<group>";
		};
/* End PBXVariantGroup section */

/* Begin XCBuildConfiguration section */
		AC24A90E2C62C98F007C7855 /* Debug */ = {
			isa = XCBuildConfiguration;
			buildSettings = {
				ALWAYS_SEARCH_USER_PATHS = NO;
				ASSETCATALOG_COMPILER_GENERATE_SWIFT_ASSET_SYMBOL_EXTENSIONS = YES;
				CLANG_ANALYZER_NONNULL = YES;
				CLANG_ANALYZER_NUMBER_OBJECT_CONVERSION = YES_AGGRESSIVE;
				CLANG_CXX_LANGUAGE_STANDARD = "gnu++20";
				CLANG_ENABLE_MODULES = YES;
				CLANG_ENABLE_OBJC_ARC = YES;
				CLANG_ENABLE_OBJC_WEAK = YES;
				CLANG_WARN_BLOCK_CAPTURE_AUTORELEASING = YES;
				CLANG_WARN_BOOL_CONVERSION = YES;
				CLANG_WARN_COMMA = YES;
				CLANG_WARN_CONSTANT_CONVERSION = YES;
				CLANG_WARN_DEPRECATED_OBJC_IMPLEMENTATIONS = YES;
				CLANG_WARN_DIRECT_OBJC_ISA_USAGE = YES_ERROR;
				CLANG_WARN_DOCUMENTATION_COMMENTS = YES;
				CLANG_WARN_EMPTY_BODY = YES;
				CLANG_WARN_ENUM_CONVERSION = YES;
				CLANG_WARN_INFINITE_RECURSION = YES;
				CLANG_WARN_INT_CONVERSION = YES;
				CLANG_WARN_NON_LITERAL_NULL_CONVERSION = YES;
				CLANG_WARN_OBJC_IMPLICIT_RETAIN_SELF = YES;
				CLANG_WARN_OBJC_LITERAL_CONVERSION = YES;
				CLANG_WARN_OBJC_ROOT_CLASS = YES_ERROR;
				CLANG_WARN_QUOTED_INCLUDE_IN_FRAMEWORK_HEADER = YES;
				CLANG_WARN_RANGE_LOOP_ANALYSIS = YES;
				CLANG_WARN_STRICT_PROTOTYPES = YES;
				CLANG_WARN_SUSPICIOUS_MOVE = YES;
				CLANG_WARN_UNGUARDED_AVAILABILITY = YES_AGGRESSIVE;
				CLANG_WARN_UNREACHABLE_CODE = YES;
				CLANG_WARN__DUPLICATE_METHOD_MATCH = YES;
				COPY_PHASE_STRIP = NO;
				DEBUG_INFORMATION_FORMAT = dwarf;
				ENABLE_STRICT_OBJC_MSGSEND = YES;
				ENABLE_TESTABILITY = YES;
				ENABLE_USER_SCRIPT_SANDBOXING = YES;
				GCC_C_LANGUAGE_STANDARD = gnu17;
				GCC_DYNAMIC_NO_PIC = NO;
				GCC_NO_COMMON_BLOCKS = YES;
				GCC_OPTIMIZATION_LEVEL = 0;
				GCC_PREPROCESSOR_DEFINITIONS = (
					"DEBUG=1",
					"$(inherited)",
				);
				GCC_WARN_64_TO_32_BIT_CONVERSION = YES;
				GCC_WARN_ABOUT_RETURN_TYPE = YES_ERROR;
				GCC_WARN_UNDECLARED_SELECTOR = YES;
				GCC_WARN_UNINITIALIZED_AUTOS = YES_AGGRESSIVE;
				GCC_WARN_UNUSED_FUNCTION = YES;
				GCC_WARN_UNUSED_VARIABLE = YES;
				IPHONEOS_DEPLOYMENT_TARGET = 17.2;
				LOCALIZATION_PREFERS_STRING_CATALOGS = YES;
				MTL_ENABLE_DEBUG_INFO = INCLUDE_SOURCE;
				MTL_FAST_MATH = YES;
				ONLY_ACTIVE_ARCH = YES;
				SDKROOT = iphoneos;
				SWIFT_ACTIVE_COMPILATION_CONDITIONS = "DEBUG $(inherited)";
				SWIFT_OPTIMIZATION_LEVEL = "-Onone";
			};
			name = Debug;
		};
		AC24A90F2C62C98F007C7855 /* Release */ = {
			isa = XCBuildConfiguration;
			buildSettings = {
				ALWAYS_SEARCH_USER_PATHS = NO;
				ASSETCATALOG_COMPILER_GENERATE_SWIFT_ASSET_SYMBOL_EXTENSIONS = YES;
				CLANG_ANALYZER_NONNULL = YES;
				CLANG_ANALYZER_NUMBER_OBJECT_CONVERSION = YES_AGGRESSIVE;
				CLANG_CXX_LANGUAGE_STANDARD = "gnu++20";
				CLANG_ENABLE_MODULES = YES;
				CLANG_ENABLE_OBJC_ARC = YES;
				CLANG_ENABLE_OBJC_WEAK = YES;
				CLANG_WARN_BLOCK_CAPTURE_AUTORELEASING = YES;
				CLANG_WARN_BOOL_CONVERSION = YES;
				CLANG_WARN_COMMA = YES;
				CLANG_WARN_CONSTANT_CONVERSION = YES;
				CLANG_WARN_DEPRECATED_OBJC_IMPLEMENTATIONS = YES;
				CLANG_WARN_DIRECT_OBJC_ISA_USAGE = YES_ERROR;
				CLANG_WARN_DOCUMENTATION_COMMENTS = YES;
				CLANG_WARN_EMPTY_BODY = YES;
				CLANG_WARN_ENUM_CONVERSION = YES;
				CLANG_WARN_INFINITE_RECURSION = YES;
				CLANG_WARN_INT_CONVERSION = YES;
				CLANG_WARN_NON_LITERAL_NULL_CONVERSION = YES;
				CLANG_WARN_OBJC_IMPLICIT_RETAIN_SELF = YES;
				CLANG_WARN_OBJC_LITERAL_CONVERSION = YES;
				CLANG_WARN_OBJC_ROOT_CLASS = YES_ERROR;
				CLANG_WARN_QUOTED_INCLUDE_IN_FRAMEWORK_HEADER = YES;
				CLANG_WARN_RANGE_LOOP_ANALYSIS = YES;
				CLANG_WARN_STRICT_PROTOTYPES = YES;
				CLANG_WARN_SUSPICIOUS_MOVE = YES;
				CLANG_WARN_UNGUARDED_AVAILABILITY = YES_AGGRESSIVE;
				CLANG_WARN_UNREACHABLE_CODE = YES;
				CLANG_WARN__DUPLICATE_METHOD_MATCH = YES;
				COPY_PHASE_STRIP = NO;
				DEBUG_INFORMATION_FORMAT = "dwarf-with-dsym";
				ENABLE_NS_ASSERTIONS = NO;
				ENABLE_STRICT_OBJC_MSGSEND = YES;
				ENABLE_USER_SCRIPT_SANDBOXING = YES;
				GCC_C_LANGUAGE_STANDARD = gnu17;
				GCC_NO_COMMON_BLOCKS = YES;
				GCC_WARN_64_TO_32_BIT_CONVERSION = YES;
				GCC_WARN_ABOUT_RETURN_TYPE = YES_ERROR;
				GCC_WARN_UNDECLARED_SELECTOR = YES;
				GCC_WARN_UNINITIALIZED_AUTOS = YES_AGGRESSIVE;
				GCC_WARN_UNUSED_FUNCTION = YES;
				GCC_WARN_UNUSED_VARIABLE = YES;
				IPHONEOS_DEPLOYMENT_TARGET = 17.2;
				LOCALIZATION_PREFERS_STRING_CATALOGS = YES;
				MTL_ENABLE_DEBUG_INFO = NO;
				MTL_FAST_MATH = YES;
				SDKROOT = iphoneos;
				SWIFT_COMPILATION_MODE = wholemodule;
				VALIDATE_PRODUCT = YES;
			};
			name = Release;
		};
		AC24A9112C62C98F007C7855 /* Debug */ = {
			isa = XCBuildConfiguration;
			buildSettings = {
				ASSETCATALOG_COMPILER_APPICON_NAME = AppIcon;
				ASSETCATALOG_COMPILER_GLOBAL_ACCENT_COLOR_NAME = AccentColor;
				CODE_SIGN_STYLE = Automatic;
				CURRENT_PROJECT_VERSION = 1;
				DEVELOPMENT_TEAM = WK3TD8MH9H;
				GENERATE_INFOPLIST_FILE = YES;
				INFOPLIST_FILE = EssentialApp/Info.plist;
				INFOPLIST_KEY_UIApplicationSupportsIndirectInputEvents = YES;
				INFOPLIST_KEY_UILaunchStoryboardName = LaunchScreen;
				INFOPLIST_KEY_UIMainStoryboardFile = Main;
				INFOPLIST_KEY_UISupportedInterfaceOrientations = "UIInterfaceOrientationLandscapeLeft UIInterfaceOrientationLandscapeRight UIInterfaceOrientationPortrait";
				INFOPLIST_KEY_UISupportedInterfaceOrientations_iPad = UIInterfaceOrientationPortrait;
				LD_RUNPATH_SEARCH_PATHS = (
					"$(inherited)",
					"@executable_path/Frameworks",
				);
				MARKETING_VERSION = 1.0;
				PRODUCT_BUNDLE_IDENTIFIER = com.peregoy.EssentialApp;
				PRODUCT_NAME = "$(TARGET_NAME)";
				SWIFT_EMIT_LOC_STRINGS = YES;
				SWIFT_VERSION = 5.0;
				TARGETED_DEVICE_FAMILY = "1,2";
			};
			name = Debug;
		};
		AC24A9122C62C98F007C7855 /* Release */ = {
			isa = XCBuildConfiguration;
			buildSettings = {
				ASSETCATALOG_COMPILER_APPICON_NAME = AppIcon;
				ASSETCATALOG_COMPILER_GLOBAL_ACCENT_COLOR_NAME = AccentColor;
				CODE_SIGN_STYLE = Automatic;
				CURRENT_PROJECT_VERSION = 1;
				DEVELOPMENT_TEAM = WK3TD8MH9H;
				GENERATE_INFOPLIST_FILE = YES;
				INFOPLIST_FILE = EssentialApp/Info.plist;
				INFOPLIST_KEY_UIApplicationSupportsIndirectInputEvents = YES;
				INFOPLIST_KEY_UILaunchStoryboardName = LaunchScreen;
				INFOPLIST_KEY_UIMainStoryboardFile = Main;
				INFOPLIST_KEY_UISupportedInterfaceOrientations = "UIInterfaceOrientationLandscapeLeft UIInterfaceOrientationLandscapeRight UIInterfaceOrientationPortrait";
				INFOPLIST_KEY_UISupportedInterfaceOrientations_iPad = UIInterfaceOrientationPortrait;
				LD_RUNPATH_SEARCH_PATHS = (
					"$(inherited)",
					"@executable_path/Frameworks",
				);
				MARKETING_VERSION = 1.0;
				PRODUCT_BUNDLE_IDENTIFIER = com.peregoy.EssentialApp;
				PRODUCT_NAME = "$(TARGET_NAME)";
				SWIFT_EMIT_LOC_STRINGS = YES;
				SWIFT_VERSION = 5.0;
				TARGETED_DEVICE_FAMILY = "1,2";
			};
			name = Release;
		};
		AC24A9142C62C98F007C7855 /* Debug */ = {
			isa = XCBuildConfiguration;
			buildSettings = {
				ALWAYS_EMBED_SWIFT_STANDARD_LIBRARIES = YES;
				BUNDLE_LOADER = "$(TEST_HOST)";
				CODE_SIGN_STYLE = Automatic;
				CURRENT_PROJECT_VERSION = 1;
				DEVELOPMENT_TEAM = WK3TD8MH9H;
				GENERATE_INFOPLIST_FILE = YES;
				IPHONEOS_DEPLOYMENT_TARGET = 17.2;
				MARKETING_VERSION = 1.0;
				PRODUCT_BUNDLE_IDENTIFIER = com.peregoy.EssentialAppTests;
				PRODUCT_NAME = "$(TARGET_NAME)";
				SWIFT_EMIT_LOC_STRINGS = NO;
				SWIFT_VERSION = 5.0;
				TARGETED_DEVICE_FAMILY = "1,2";
				TEST_HOST = "$(BUILT_PRODUCTS_DIR)/EssentialApp.app/$(BUNDLE_EXECUTABLE_FOLDER_PATH)/EssentialApp";
			};
			name = Debug;
		};
		AC24A9152C62C98F007C7855 /* Release */ = {
			isa = XCBuildConfiguration;
			buildSettings = {
				ALWAYS_EMBED_SWIFT_STANDARD_LIBRARIES = YES;
				BUNDLE_LOADER = "$(TEST_HOST)";
				CODE_SIGN_STYLE = Automatic;
				CURRENT_PROJECT_VERSION = 1;
				DEVELOPMENT_TEAM = WK3TD8MH9H;
				GENERATE_INFOPLIST_FILE = YES;
				IPHONEOS_DEPLOYMENT_TARGET = 17.2;
				MARKETING_VERSION = 1.0;
				PRODUCT_BUNDLE_IDENTIFIER = com.peregoy.EssentialAppTests;
				PRODUCT_NAME = "$(TARGET_NAME)";
				SWIFT_EMIT_LOC_STRINGS = NO;
				SWIFT_VERSION = 5.0;
				TARGETED_DEVICE_FAMILY = "1,2";
				TEST_HOST = "$(BUILT_PRODUCTS_DIR)/EssentialApp.app/$(BUNDLE_EXECUTABLE_FOLDER_PATH)/EssentialApp";
			};
			name = Release;
		};
		08B52E82237AF87F0092D15B /* Debug */ = {
			isa = XCBuildConfiguration;
			buildSettings = {
				CODE_SIGN_STYLE = Automatic;
				DEVELOPMENT_TEAM = WK3TD8MH9H;
				INFOPLIST_FILE = EssentialAppUIAcceptanceTests/Info.plist;
				IPHONEOS_DEPLOYMENT_TARGET = 17.2;
				LD_RUNPATH_SEARCH_PATHS = (
					"$(inherited)",
					"@executable_path/Frameworks",
					"@loader_path/Frameworks",
				);
				PRODUCT_BUNDLE_IDENTIFIER = com.peregoy.EssentialAppUIAcceptanceTests;
				PRODUCT_NAME = "$(TARGET_NAME)";
				SWIFT_VERSION = 5.0;
				TARGETED_DEVICE_FAMILY = "1,2";
				TEST_TARGET_NAME = EssentialApp;
			};
			name = Debug;
		};
		08B52E83237AF87F0092D15B /* Release */ = {
			isa = XCBuildConfiguration;
			buildSettings = {
				CODE_SIGN_STYLE = Automatic;
				DEVELOPMENT_TEAM = WK3TD8MH9H;
				INFOPLIST_FILE = EssentialAppUIAcceptanceTests/Info.plist;
				IPHONEOS_DEPLOYMENT_TARGET = 17.2;
				LD_RUNPATH_SEARCH_PATHS = (
					"$(inherited)",
					"@executable_path/Frameworks",
					"@loader_path/Frameworks",
				);
				PRODUCT_BUNDLE_IDENTIFIER = com.peregoy.EssentialAppUIAcceptanceTests;
				PRODUCT_NAME = "$(TARGET_NAME)";
				SWIFT_VERSION = 5.0;
				TARGETED_DEVICE_FAMILY = "1,2";
				TEST_TARGET_NAME = EssentialApp;
			};
			name = Release;
		};
/* End XCBuildConfiguration section */

/* Begin XCConfigurationList section */
		AC24A8E12C62C98E007C7855 /* Build configuration list for PBXProject "EssentialApp" */ = {
			isa = XCConfigurationList;
			buildConfigurations = (
				AC24A90E2C62C98F007C7855 /* Debug */,
				AC24A90F2C62C98F007C7855 /* Release */,
			);
			defaultConfigurationIsVisible = 0;
			defaultConfigurationName = Release;
		};
		AC24A9102C62C98F007C7855 /* Build configuration list for PBXNativeTarget "EssentialApp" */ = {
			isa = XCConfigurationList;
			buildConfigurations = (
				AC24A9112C62C98F007C7855 /* Debug */,
				AC24A9122C62C98F007C7855 /* Release */,
			);
			defaultConfigurationIsVisible = 0;
			defaultConfigurationName = Release;
		};
		AC24A9132C62C98F007C7855 /* Build configuration list for PBXNativeTarget "EssentialAppTests" */ = {
			isa = XCConfigurationList;
			buildConfigurations = (
				AC24A9142C62C98F007C7855 /* Debug */,
				AC24A9152C62C98F007C7855 /* Release */,
			);
			defaultConfigurationIsVisible = 0;
			defaultConfigurationName = Release;
		};
		08B52E84237AF87F0092D15B /* Build configuration list for PBXNativeTarget "EssentialAppUIAcceptanceTests" */ = {
			isa = XCConfigurationList;
			buildConfigurations = (
				08B52E82237AF87F0092D15B /* Debug */,
				08B52E83237AF87F0092D15B /* Release */,
			);
			defaultConfigurationIsVisible = 0;
			defaultConfigurationName = Release;
		};
/* End XCConfigurationList section */
	};
	rootObject = AC24A8DE2C62C98E007C7855 /* Project object */;
}
